// !$*UTF8*$!
{
	archiveVersion = 1;
	classes = {
	};
	objectVersion = 55;
	objects = {

/* Begin PBXBuildFile section */
		F76F3DA3272A9C9900754DEF /* PolygonAPI.Publisher.swift in Sources */ = {isa = PBXBuildFile; fileRef = F76F3DA2272A9C9900754DEF /* PolygonAPI.Publisher.swift */; };
		F7AFCECC271D5B2700D56A71 /* Exfoler.xcdatamodeld in Sources */ = {isa = PBXBuildFile; fileRef = F7AFCEB8271D5B2600D56A71 /* Exfoler.xcdatamodeld */; };
		F7AFCECE271D5B2700D56A71 /* ExfolerApp.swift in Sources */ = {isa = PBXBuildFile; fileRef = F7AFCEBA271D5B2600D56A71 /* ExfolerApp.swift */; };
		F7AFCED0271D5B2700D56A71 /* ContentView.swift in Sources */ = {isa = PBXBuildFile; fileRef = F7AFCEBB271D5B2600D56A71 /* ContentView.swift */; };
		F7AFCED2271D5B2700D56A71 /* Persistence.swift in Sources */ = {isa = PBXBuildFile; fileRef = F7AFCEBC271D5B2600D56A71 /* Persistence.swift */; };
		F7AFCED4271D5B2700D56A71 /* Assets.xcassets in Resources */ = {isa = PBXBuildFile; fileRef = F7AFCEBD271D5B2700D56A71 /* Assets.xcassets */; };
		F7AFCEDF271D5BA900D56A71 /* Sidebar.swift in Sources */ = {isa = PBXBuildFile; fileRef = F7AFCEDD271D5BA900D56A71 /* Sidebar.swift */; };
		F7AFCEE6271D659C00D56A71 /* PolygonAPI.swift in Sources */ = {isa = PBXBuildFile; fileRef = F7AFCEE4271D659C00D56A71 /* PolygonAPI.swift */; };
		F7AFCEEA271D6D9800D56A71 /* PolygonAPI.Responses.swift in Sources */ = {isa = PBXBuildFile; fileRef = F7AFCEE8271D6D9800D56A71 /* PolygonAPI.Responses.swift */; };
		F7AFCEEE271D7AA900D56A71 /* AssetView.swift in Sources */ = {isa = PBXBuildFile; fileRef = F7AFCEEC271D7AA900D56A71 /* AssetView.swift */; };
		F7AFCEF1271DAA2500D56A71 /* PortfolioView.swift in Sources */ = {isa = PBXBuildFile; fileRef = F7AFCEEF271DAA2500D56A71 /* PortfolioView.swift */; };
		F7AFCF0E271F23CE00D56A71 /* SearchField.swift in Sources */ = {isa = PBXBuildFile; fileRef = F7AFCEF2271F079F00D56A71 /* SearchField.swift */; };
		F7AFCF10271F593000D56A71 /* SearchResultsView.swift in Sources */ = {isa = PBXBuildFile; fileRef = F7AFCF0F271F593000D56A71 /* SearchResultsView.swift */; };
		F7F2ADC32720111F00CFBF89 /* Portfolio.swift in Sources */ = {isa = PBXBuildFile; fileRef = F7F2ADC22720111F00CFBF89 /* Portfolio.swift */; };
		F7F2ADC52720126700CFBF89 /* Asset.swift in Sources */ = {isa = PBXBuildFile; fileRef = F7F2ADC42720126700CFBF89 /* Asset.swift */; };
		F7F2ADCA2721BEE500CFBF89 /* DataFetcher.swift in Sources */ = {isa = PBXBuildFile; fileRef = F7F2ADC92721BEE500CFBF89 /* DataFetcher.swift */; };
/* End PBXBuildFile section */

/* Begin PBXFileReference section */
		F76F3DA2272A9C9900754DEF /* PolygonAPI.Publisher.swift */ = {isa = PBXFileReference; lastKnownFileType = sourcecode.swift; path = PolygonAPI.Publisher.swift; sourceTree = "<group>"; };
		F7AFCEB9271D5B2600D56A71 /* Shared.xcdatamodel */ = {isa = PBXFileReference; lastKnownFileType = wrapper.xcdatamodel; path = Shared.xcdatamodel; sourceTree = "<group>"; };
		F7AFCEBA271D5B2600D56A71 /* ExfolerApp.swift */ = {isa = PBXFileReference; lastKnownFileType = sourcecode.swift; path = ExfolerApp.swift; sourceTree = "<group>"; };
		F7AFCEBB271D5B2600D56A71 /* ContentView.swift */ = {isa = PBXFileReference; lastKnownFileType = sourcecode.swift; path = ContentView.swift; sourceTree = "<group>"; };
		F7AFCEBC271D5B2600D56A71 /* Persistence.swift */ = {isa = PBXFileReference; lastKnownFileType = sourcecode.swift; path = Persistence.swift; sourceTree = "<group>"; };
		F7AFCEBD271D5B2700D56A71 /* Assets.xcassets */ = {isa = PBXFileReference; lastKnownFileType = folder.assetcatalog; path = Assets.xcassets; sourceTree = "<group>"; };
		F7AFCEC8271D5B2700D56A71 /* Exfoler.app */ = {isa = PBXFileReference; explicitFileType = wrapper.application; includeInIndex = 0; path = Exfoler.app; sourceTree = BUILT_PRODUCTS_DIR; };
		F7AFCECA271D5B2700D56A71 /* macOS.entitlements */ = {isa = PBXFileReference; lastKnownFileType = text.plist.entitlements; path = macOS.entitlements; sourceTree = "<group>"; };
		F7AFCEDD271D5BA900D56A71 /* Sidebar.swift */ = {isa = PBXFileReference; lastKnownFileType = sourcecode.swift; path = Sidebar.swift; sourceTree = "<group>"; };
		F7AFCEE4271D659C00D56A71 /* PolygonAPI.swift */ = {isa = PBXFileReference; lastKnownFileType = sourcecode.swift; path = PolygonAPI.swift; sourceTree = "<group>"; };
		F7AFCEE8271D6D9800D56A71 /* PolygonAPI.Responses.swift */ = {isa = PBXFileReference; lastKnownFileType = sourcecode.swift; path = PolygonAPI.Responses.swift; sourceTree = "<group>"; };
		F7AFCEEC271D7AA900D56A71 /* AssetView.swift */ = {isa = PBXFileReference; lastKnownFileType = sourcecode.swift; path = AssetView.swift; sourceTree = "<group>"; };
		F7AFCEEF271DAA2500D56A71 /* PortfolioView.swift */ = {isa = PBXFileReference; lastKnownFileType = sourcecode.swift; path = PortfolioView.swift; sourceTree = "<group>"; };
		F7AFCEF2271F079F00D56A71 /* SearchField.swift */ = {isa = PBXFileReference; lastKnownFileType = sourcecode.swift; path = SearchField.swift; sourceTree = "<group>"; };
		F7AFCEFD271F235C00D56A71 /* exfolioApp.swift */ = {isa = PBXFileReference; lastKnownFileType = sourcecode.swift; path = exfolioApp.swift; sourceTree = "<group>"; };
		F7AFCEFF271F235C00D56A71 /* ContentView.swift */ = {isa = PBXFileReference; lastKnownFileType = sourcecode.swift; path = ContentView.swift; sourceTree = "<group>"; };
		F7AFCF01271F235E00D56A71 /* Assets.xcassets */ = {isa = PBXFileReference; lastKnownFileType = folder.assetcatalog; path = Assets.xcassets; sourceTree = "<group>"; };
		F7AFCF04271F235E00D56A71 /* Preview Assets.xcassets */ = {isa = PBXFileReference; lastKnownFileType = folder.assetcatalog; path = "Preview Assets.xcassets"; sourceTree = "<group>"; };
		F7AFCF06271F235E00D56A71 /* Persistence.swift */ = {isa = PBXFileReference; lastKnownFileType = sourcecode.swift; path = Persistence.swift; sourceTree = "<group>"; };
		F7AFCF09271F235E00D56A71 /* exfolio.xcdatamodel */ = {isa = PBXFileReference; lastKnownFileType = wrapper.xcdatamodel; path = exfolio.xcdatamodel; sourceTree = "<group>"; };
		F7AFCF0F271F593000D56A71 /* SearchResultsView.swift */ = {isa = PBXFileReference; lastKnownFileType = sourcecode.swift; path = SearchResultsView.swift; sourceTree = "<group>"; };
		F7F2ADC22720111F00CFBF89 /* Portfolio.swift */ = {isa = PBXFileReference; lastKnownFileType = sourcecode.swift; path = Portfolio.swift; sourceTree = "<group>"; };
		F7F2ADC42720126700CFBF89 /* Asset.swift */ = {isa = PBXFileReference; lastKnownFileType = sourcecode.swift; path = Asset.swift; sourceTree = "<group>"; };
		F7F2ADC92721BEE500CFBF89 /* DataFetcher.swift */ = {isa = PBXFileReference; lastKnownFileType = sourcecode.swift; path = DataFetcher.swift; sourceTree = "<group>"; };
/* End PBXFileReference section */

/* Begin PBXFrameworksBuildPhase section */
		F7AFCEC5271D5B2700D56A71 /* Frameworks */ = {
			isa = PBXFrameworksBuildPhase;
			buildActionMask = 2147483647;
			files = (
			);
			runOnlyForDeploymentPostprocessing = 0;
		};
/* End PBXFrameworksBuildPhase section */

/* Begin PBXGroup section */
		F7AFCEB2271D5B2500D56A71 = {
			isa = PBXGroup;
			children = (
				F7AFCEB7271D5B2600D56A71 /* Shared */,
				F7AFCEC9271D5B2700D56A71 /* macOS */,
				F7AFCEFC271F235C00D56A71 /* exfolio */,
				F7AFCEC3271D5B2700D56A71 /* Products */,
			);
			sourceTree = "<group>";
		};
		F7AFCEB7271D5B2600D56A71 /* Shared */ = {
			isa = PBXGroup;
			children = (
				F7AFCEBA271D5B2600D56A71 /* ExfolerApp.swift */,
				F7AFCEBB271D5B2600D56A71 /* ContentView.swift */,
				F7AFCEEB271D6DA500D56A71 /* PolygonAPI */,
				F7AFCEE7271D65A100D56A71 /* Model */,
				F7F2ADCB2721BF1100CFBF89 /* ModelView */,
				F7AFCEF5271F104C00D56A71 /* Views */,
				F7AFCEBD271D5B2700D56A71 /* Assets.xcassets */,
				F7AFCEB8271D5B2600D56A71 /* Exfoler.xcdatamodeld */,
			);
			path = Shared;
			sourceTree = "<group>";
		};
		F7AFCEC3271D5B2700D56A71 /* Products */ = {
			isa = PBXGroup;
			children = (
				F7AFCEC8271D5B2700D56A71 /* Exfoler.app */,
			);
			name = Products;
			sourceTree = "<group>";
		};
		F7AFCEC9271D5B2700D56A71 /* macOS */ = {
			isa = PBXGroup;
			children = (
				F7AFCECA271D5B2700D56A71 /* macOS.entitlements */,
			);
			path = macOS;
			sourceTree = "<group>";
		};
		F7AFCEE7271D65A100D56A71 /* Model */ = {
			isa = PBXGroup;
			children = (
				F7F2ADC42720126700CFBF89 /* Asset.swift */,
				F7AFCEBC271D5B2600D56A71 /* Persistence.swift */,
				F7F2ADC22720111F00CFBF89 /* Portfolio.swift */,
			);
			path = Model;
			sourceTree = "<group>";
		};
		F7AFCEEB271D6DA500D56A71 /* PolygonAPI */ = {
			isa = PBXGroup;
			children = (
				F7AFCEE4271D659C00D56A71 /* PolygonAPI.swift */,
				F7AFCEE8271D6D9800D56A71 /* PolygonAPI.Responses.swift */,
				F76F3DA2272A9C9900754DEF /* PolygonAPI.Publisher.swift */,
			);
			path = PolygonAPI;
			sourceTree = "<group>";
		};
		F7AFCEF5271F104C00D56A71 /* Views */ = {
			isa = PBXGroup;
			children = (
				F7F2ADC8272076C100CFBF89 /* AppKit */,
				F7AFCF0F271F593000D56A71 /* SearchResultsView.swift */,
				F7AFCEEF271DAA2500D56A71 /* PortfolioView.swift */,
				F7AFCEEC271D7AA900D56A71 /* AssetView.swift */,
				F7AFCEDD271D5BA900D56A71 /* Sidebar.swift */,
			);
			path = Views;
			sourceTree = "<group>";
		};
		F7AFCEFC271F235C00D56A71 /* exfolio */ = {
			isa = PBXGroup;
			children = (
				F7AFCEFD271F235C00D56A71 /* exfolioApp.swift */,
				F7AFCEFF271F235C00D56A71 /* ContentView.swift */,
				F7AFCF01271F235E00D56A71 /* Assets.xcassets */,
				F7AFCF06271F235E00D56A71 /* Persistence.swift */,
				F7AFCF08271F235E00D56A71 /* exfolio.xcdatamodeld */,
				F7AFCF03271F235E00D56A71 /* Preview Content */,
			);
			path = exfolio;
			sourceTree = "<group>";
		};
		F7AFCF03271F235E00D56A71 /* Preview Content */ = {
			isa = PBXGroup;
			children = (
				F7AFCF04271F235E00D56A71 /* Preview Assets.xcassets */,
			);
			path = "Preview Content";
			sourceTree = "<group>";
		};
		F7F2ADC8272076C100CFBF89 /* AppKit */ = {
			isa = PBXGroup;
			children = (
				F7AFCEF2271F079F00D56A71 /* SearchField.swift */,
			);
			path = AppKit;
			sourceTree = "<group>";
		};
		F7F2ADCB2721BF1100CFBF89 /* ModelView */ = {
			isa = PBXGroup;
			children = (
				F7F2ADC92721BEE500CFBF89 /* DataFetcher.swift */,
			);
			path = ModelView;
			sourceTree = "<group>";
		};
/* End PBXGroup section */

/* Begin PBXNativeTarget section */
		F7AFCEC7271D5B2700D56A71 /* Exfoler (macOS) */ = {
			isa = PBXNativeTarget;
			buildConfigurationList = F7AFCEDA271D5B2700D56A71 /* Build configuration list for PBXNativeTarget "Exfoler (macOS)" */;
			buildPhases = (
				F7AFCEC4271D5B2700D56A71 /* Sources */,
				F7AFCEC5271D5B2700D56A71 /* Frameworks */,
				F7AFCEC6271D5B2700D56A71 /* Resources */,
			);
			buildRules = (
			);
			dependencies = (
			);
			name = "Exfoler (macOS)";
			productName = "Exfoler (macOS)";
			productReference = F7AFCEC8271D5B2700D56A71 /* Exfoler.app */;
			productType = "com.apple.product-type.application";
		};
/* End PBXNativeTarget section */

/* Begin PBXProject section */
		F7AFCEB3271D5B2500D56A71 /* Project object */ = {
			isa = PBXProject;
			attributes = {
				BuildIndependentTargetsInParallel = 1;
				LastSwiftUpdateCheck = 1300;
				LastUpgradeCheck = 1310;
				TargetAttributes = {
					F7AFCEC7271D5B2700D56A71 = {
						CreatedOnToolsVersion = 13.0;
					};
				};
			};
			buildConfigurationList = F7AFCEB6271D5B2500D56A71 /* Build configuration list for PBXProject "Exfoler" */;
			compatibilityVersion = "Xcode 13.0";
			developmentRegion = en;
			hasScannedForEncodings = 0;
			knownRegions = (
				en,
				Base,
			);
			mainGroup = F7AFCEB2271D5B2500D56A71;
			productRefGroup = F7AFCEC3271D5B2700D56A71 /* Products */;
			projectDirPath = "";
			projectRoot = "";
			targets = (
				F7AFCEC7271D5B2700D56A71 /* Exfoler (macOS) */,
			);
		};
/* End PBXProject section */

/* Begin PBXResourcesBuildPhase section */
		F7AFCEC6271D5B2700D56A71 /* Resources */ = {
			isa = PBXResourcesBuildPhase;
			buildActionMask = 2147483647;
			files = (
				F7AFCED4271D5B2700D56A71 /* Assets.xcassets in Resources */,
			);
			runOnlyForDeploymentPostprocessing = 0;
		};
/* End PBXResourcesBuildPhase section */

/* Begin PBXSourcesBuildPhase section */
		F7AFCEC4271D5B2700D56A71 /* Sources */ = {
			isa = PBXSourcesBuildPhase;
			buildActionMask = 2147483647;
			files = (
				F7F2ADC32720111F00CFBF89 /* Portfolio.swift in Sources */,
				F7F2ADC52720126700CFBF89 /* Asset.swift in Sources */,
				F7AFCEDF271D5BA900D56A71 /* Sidebar.swift in Sources */,
				F7F2ADCA2721BEE500CFBF89 /* DataFetcher.swift in Sources */,
				F7AFCEEE271D7AA900D56A71 /* AssetView.swift in Sources */,
				F7AFCECC271D5B2700D56A71 /* Exfoler.xcdatamodeld in Sources */,
				F7AFCED2271D5B2700D56A71 /* Persistence.swift in Sources */,
				F7AFCEE6271D659C00D56A71 /* PolygonAPI.swift in Sources */,
				F7AFCECE271D5B2700D56A71 /* ExfolerApp.swift in Sources */,
				F7AFCEEA271D6D9800D56A71 /* PolygonAPI.Responses.swift in Sources */,
				F7AFCF10271F593000D56A71 /* SearchResultsView.swift in Sources */,
				F7AFCF0E271F23CE00D56A71 /* SearchField.swift in Sources */,
				F76F3DA3272A9C9900754DEF /* PolygonAPI.Publisher.swift in Sources */,
				F7AFCEF1271DAA2500D56A71 /* PortfolioView.swift in Sources */,
				F7AFCED0271D5B2700D56A71 /* ContentView.swift in Sources */,
			);
			runOnlyForDeploymentPostprocessing = 0;
		};
/* End PBXSourcesBuildPhase section */

/* Begin XCBuildConfiguration section */
		F7AFCED5271D5B2700D56A71 /* Debug */ = {
			isa = XCBuildConfiguration;
			buildSettings = {
				ALWAYS_SEARCH_USER_PATHS = NO;
				CLANG_ANALYZER_NONNULL = YES;
				CLANG_ANALYZER_NUMBER_OBJECT_CONVERSION = YES_AGGRESSIVE;
				CLANG_CXX_LANGUAGE_STANDARD = "gnu++17";
				CLANG_CXX_LIBRARY = "libc++";
				CLANG_ENABLE_MODULES = YES;
				CLANG_ENABLE_OBJC_ARC = YES;
				CLANG_ENABLE_OBJC_WEAK = YES;
				CLANG_WARN_BLOCK_CAPTURE_AUTORELEASING = YES;
				CLANG_WARN_BOOL_CONVERSION = YES;
				CLANG_WARN_COMMA = YES;
				CLANG_WARN_CONSTANT_CONVERSION = YES;
				CLANG_WARN_DEPRECATED_OBJC_IMPLEMENTATIONS = YES;
				CLANG_WARN_DIRECT_OBJC_ISA_USAGE = YES_ERROR;
				CLANG_WARN_DOCUMENTATION_COMMENTS = YES;
				CLANG_WARN_EMPTY_BODY = YES;
				CLANG_WARN_ENUM_CONVERSION = YES;
				CLANG_WARN_INFINITE_RECURSION = YES;
				CLANG_WARN_INT_CONVERSION = YES;
				CLANG_WARN_NON_LITERAL_NULL_CONVERSION = YES;
				CLANG_WARN_OBJC_IMPLICIT_RETAIN_SELF = YES;
				CLANG_WARN_OBJC_LITERAL_CONVERSION = YES;
				CLANG_WARN_OBJC_ROOT_CLASS = YES_ERROR;
				CLANG_WARN_QUOTED_INCLUDE_IN_FRAMEWORK_HEADER = YES;
				CLANG_WARN_RANGE_LOOP_ANALYSIS = YES;
				CLANG_WARN_STRICT_PROTOTYPES = YES;
				CLANG_WARN_SUSPICIOUS_MOVE = YES;
				CLANG_WARN_UNGUARDED_AVAILABILITY = YES_AGGRESSIVE;
				CLANG_WARN_UNREACHABLE_CODE = YES;
				CLANG_WARN__DUPLICATE_METHOD_MATCH = YES;
				COPY_PHASE_STRIP = NO;
				DEBUG_INFORMATION_FORMAT = dwarf;
				ENABLE_STRICT_OBJC_MSGSEND = YES;
				ENABLE_TESTABILITY = YES;
				GCC_C_LANGUAGE_STANDARD = gnu11;
				GCC_DYNAMIC_NO_PIC = NO;
				GCC_NO_COMMON_BLOCKS = YES;
				GCC_OPTIMIZATION_LEVEL = 0;
				GCC_PREPROCESSOR_DEFINITIONS = (
					"DEBUG=1",
					"$(inherited)",
				);
				GCC_WARN_64_TO_32_BIT_CONVERSION = YES;
				GCC_WARN_ABOUT_RETURN_TYPE = YES_ERROR;
				GCC_WARN_UNDECLARED_SELECTOR = YES;
				GCC_WARN_UNINITIALIZED_AUTOS = YES_AGGRESSIVE;
				GCC_WARN_UNUSED_FUNCTION = YES;
				GCC_WARN_UNUSED_VARIABLE = YES;
				MTL_ENABLE_DEBUG_INFO = INCLUDE_SOURCE;
				MTL_FAST_MATH = YES;
				ONLY_ACTIVE_ARCH = YES;
				SWIFT_ACTIVE_COMPILATION_CONDITIONS = DEBUG;
				SWIFT_OPTIMIZATION_LEVEL = "-Onone";
			};
			name = Debug;
		};
		F7AFCED6271D5B2700D56A71 /* Release */ = {
			isa = XCBuildConfiguration;
			buildSettings = {
				ALWAYS_SEARCH_USER_PATHS = NO;
				CLANG_ANALYZER_NONNULL = YES;
				CLANG_ANALYZER_NUMBER_OBJECT_CONVERSION = YES_AGGRESSIVE;
				CLANG_CXX_LANGUAGE_STANDARD = "gnu++17";
				CLANG_CXX_LIBRARY = "libc++";
				CLANG_ENABLE_MODULES = YES;
				CLANG_ENABLE_OBJC_ARC = YES;
				CLANG_ENABLE_OBJC_WEAK = YES;
				CLANG_WARN_BLOCK_CAPTURE_AUTORELEASING = YES;
				CLANG_WARN_BOOL_CONVERSION = YES;
				CLANG_WARN_COMMA = YES;
				CLANG_WARN_CONSTANT_CONVERSION = YES;
				CLANG_WARN_DEPRECATED_OBJC_IMPLEMENTATIONS = YES;
				CLANG_WARN_DIRECT_OBJC_ISA_USAGE = YES_ERROR;
				CLANG_WARN_DOCUMENTATION_COMMENTS = YES;
				CLANG_WARN_EMPTY_BODY = YES;
				CLANG_WARN_ENUM_CONVERSION = YES;
				CLANG_WARN_INFINITE_RECURSION = YES;
				CLANG_WARN_INT_CONVERSION = YES;
				CLANG_WARN_NON_LITERAL_NULL_CONVERSION = YES;
				CLANG_WARN_OBJC_IMPLICIT_RETAIN_SELF = YES;
				CLANG_WARN_OBJC_LITERAL_CONVERSION = YES;
				CLANG_WARN_OBJC_ROOT_CLASS = YES_ERROR;
				CLANG_WARN_QUOTED_INCLUDE_IN_FRAMEWORK_HEADER = YES;
				CLANG_WARN_RANGE_LOOP_ANALYSIS = YES;
				CLANG_WARN_STRICT_PROTOTYPES = YES;
				CLANG_WARN_SUSPICIOUS_MOVE = YES;
				CLANG_WARN_UNGUARDED_AVAILABILITY = YES_AGGRESSIVE;
				CLANG_WARN_UNREACHABLE_CODE = YES;
				CLANG_WARN__DUPLICATE_METHOD_MATCH = YES;
				COPY_PHASE_STRIP = NO;
				DEBUG_INFORMATION_FORMAT = "dwarf-with-dsym";
				ENABLE_NS_ASSERTIONS = NO;
				ENABLE_STRICT_OBJC_MSGSEND = YES;
				GCC_C_LANGUAGE_STANDARD = gnu11;
				GCC_NO_COMMON_BLOCKS = YES;
				GCC_WARN_64_TO_32_BIT_CONVERSION = YES;
				GCC_WARN_ABOUT_RETURN_TYPE = YES_ERROR;
				GCC_WARN_UNDECLARED_SELECTOR = YES;
				GCC_WARN_UNINITIALIZED_AUTOS = YES_AGGRESSIVE;
				GCC_WARN_UNUSED_FUNCTION = YES;
				GCC_WARN_UNUSED_VARIABLE = YES;
				MTL_ENABLE_DEBUG_INFO = NO;
				MTL_FAST_MATH = YES;
				SWIFT_COMPILATION_MODE = wholemodule;
				SWIFT_OPTIMIZATION_LEVEL = "-O";
			};
			name = Release;
		};
		F7AFCEDB271D5B2700D56A71 /* Debug */ = {
			isa = XCBuildConfiguration;
			buildSettings = {
				ASSETCATALOG_COMPILER_APPICON_NAME = AppIcon;
				ASSETCATALOG_COMPILER_GLOBAL_ACCENT_COLOR_NAME = AccentColor;
				CODE_SIGN_ENTITLEMENTS = macOS/macOS.entitlements;
				CODE_SIGN_IDENTITY = "-";
				CODE_SIGN_STYLE = Automatic;
				COMBINE_HIDPI_IMAGES = YES;
				CURRENT_PROJECT_VERSION = 1;
				DEVELOPMENT_TEAM = J4AL2MH8ZC;
				ENABLE_HARDENED_RUNTIME = YES;
				ENABLE_PREVIEWS = YES;
				GENERATE_INFOPLIST_FILE = YES;
				INFOPLIST_KEY_NSHumanReadableCopyright = "";
				LD_RUNPATH_SEARCH_PATHS = (
					"$(inherited)",
					"@executable_path/../Frameworks",
				);
				MACOSX_DEPLOYMENT_TARGET = 12.0;
				MARKETING_VERSION = 1.0;
				PRODUCT_BUNDLE_IDENTIFIER = "Grigory-Krivyakin.Exfoler";
				PRODUCT_NAME = Exfoler;
				SDKROOT = macosx;
				SWIFT_EMIT_LOC_STRINGS = YES;
				SWIFT_VERSION = 5.0;
			};
			name = Debug;
		};
		F7AFCEDC271D5B2700D56A71 /* Release */ = {
			isa = XCBuildConfiguration;
			buildSettings = {
				ASSETCATALOG_COMPILER_APPICON_NAME = AppIcon;
				ASSETCATALOG_COMPILER_GLOBAL_ACCENT_COLOR_NAME = AccentColor;
				CODE_SIGN_ENTITLEMENTS = macOS/macOS.entitlements;
				CODE_SIGN_IDENTITY = "-";
				CODE_SIGN_STYLE = Automatic;
				COMBINE_HIDPI_IMAGES = YES;
				CURRENT_PROJECT_VERSION = 1;
				DEVELOPMENT_TEAM = J4AL2MH8ZC;
				ENABLE_HARDENED_RUNTIME = YES;
				ENABLE_PREVIEWS = YES;
				GENERATE_INFOPLIST_FILE = YES;
				INFOPLIST_KEY_NSHumanReadableCopyright = "";
				LD_RUNPATH_SEARCH_PATHS = (
					"$(inherited)",
					"@executable_path/../Frameworks",
				);
				MACOSX_DEPLOYMENT_TARGET = 12.0;
				MARKETING_VERSION = 1.0;
				PRODUCT_BUNDLE_IDENTIFIER = "Grigory-Krivyakin.Exfoler";
				PRODUCT_NAME = Exfoler;
				SDKROOT = macosx;
				SWIFT_EMIT_LOC_STRINGS = YES;
				SWIFT_VERSION = 5.0;
			};
			name = Release;
		};
/* End XCBuildConfiguration section */

/* Begin XCConfigurationList section */
		F7AFCEB6271D5B2500D56A71 /* Build configuration list for PBXProject "Exfoler" */ = {
			isa = XCConfigurationList;
			buildConfigurations = (
				F7AFCED5271D5B2700D56A71 /* Debug */,
				F7AFCED6271D5B2700D56A71 /* Release */,
			);
			defaultConfigurationIsVisible = 0;
			defaultConfigurationName = Release;
		};
		F7AFCEDA271D5B2700D56A71 /* Build configuration list for PBXNativeTarget "Exfoler (macOS)" */ = {
			isa = XCConfigurationList;
			buildConfigurations = (
				F7AFCEDB271D5B2700D56A71 /* Debug */,
				F7AFCEDC271D5B2700D56A71 /* Release */,
			);
			defaultConfigurationIsVisible = 0;
			defaultConfigurationName = Release;
		};
/* End XCConfigurationList section */

/* Begin XCVersionGroup section */
		F7AFCEB8271D5B2600D56A71 /* Exfoler.xcdatamodeld */ = {
			isa = XCVersionGroup;
			children = (
				F7AFCEB9271D5B2600D56A71 /* Shared.xcdatamodel */,
			);
			currentVersion = F7AFCEB9271D5B2600D56A71 /* Shared.xcdatamodel */;
			path = Exfoler.xcdatamodeld;
			sourceTree = "<group>";
			versionGroupType = wrapper.xcdatamodel;
		};
		F7AFCF08271F235E00D56A71 /* exfolio.xcdatamodeld */ = {
			isa = XCVersionGroup;
			children = (
				F7AFCF09271F235E00D56A71 /* exfolio.xcdatamodel */,
			);
			currentVersion = F7AFCF09271F235E00D56A71 /* exfolio.xcdatamodel */;
			path = exfolio.xcdatamodeld;
			sourceTree = "<group>";
			versionGroupType = wrapper.xcdatamodel;
		};
/* End XCVersionGroup section */
	};
	rootObject = F7AFCEB3271D5B2500D56A71 /* Project object */;
}
