// !$*UTF8*$!
{
	archiveVersion = 1;
	classes = {
	};
	objectVersion = 55;
	objects = {

/* Begin PBXBuildFile section */
		F718B4E5272C68EB00CD07C7 /* AssetsView.swift in Sources */ = {isa = PBXBuildFile; fileRef = F718B4E4272C68EB00CD07C7 /* AssetsView.swift */; };
		F74AC08E27327DAA000F6163 /* PolygonKit.docc in Sources */ = {isa = PBXBuildFile; fileRef = F74AC08D27327DAA000F6163 /* PolygonKit.docc */; };
		F74AC09427327DAA000F6163 /* PolygonKit.framework in Frameworks */ = {isa = PBXBuildFile; fileRef = F74AC08A27327DAA000F6163 /* PolygonKit.framework */; };
		F74AC09B27327DAA000F6163 /* PolygonKitTests.swift in Sources */ = {isa = PBXBuildFile; fileRef = F74AC09A27327DAA000F6163 /* PolygonKitTests.swift */; };
		F74AC09C27327DAA000F6163 /* PolygonKit.h in Headers */ = {isa = PBXBuildFile; fileRef = F74AC08C27327DAA000F6163 /* PolygonKit.h */; settings = {ATTRIBUTES = (Public, ); }; };
		F74AC09F27327DAA000F6163 /* PolygonKit.framework in Frameworks */ = {isa = PBXBuildFile; fileRef = F74AC08A27327DAA000F6163 /* PolygonKit.framework */; };
		F74AC0A027327DAA000F6163 /* PolygonKit.framework in Embed Frameworks */ = {isa = PBXBuildFile; fileRef = F74AC08A27327DAA000F6163 /* PolygonKit.framework */; settings = {ATTRIBUTES = (CodeSignOnCopy, RemoveHeadersOnCopy, ); }; };
		F74AC0A827327DDB000F6163 /* PolygonAPI.Responses.swift in Sources */ = {isa = PBXBuildFile; fileRef = F7AFCEE8271D6D9800D56A71 /* PolygonAPI.Responses.swift */; };
		F74AC0A927327DDB000F6163 /* PolygonAPI.Publisher.swift in Sources */ = {isa = PBXBuildFile; fileRef = F76F3DA2272A9C9900754DEF /* PolygonAPI.Publisher.swift */; };
		F74AC0AA27327DDB000F6163 /* PolygonAPI.swift in Sources */ = {isa = PBXBuildFile; fileRef = F7AFCEE4271D659C00D56A71 /* PolygonAPI.swift */; };
		F751F74027328A96004F698A /* AssetInfo.swift in Sources */ = {isa = PBXBuildFile; fileRef = F751F73F27328A96004F698A /* AssetInfo.swift */; };
		F751F74327328F04004F698A /* PolygonAPI+AssetsProvider.swift in Sources */ = {isa = PBXBuildFile; fileRef = F751F74227328F04004F698A /* PolygonAPI+AssetsProvider.swift */; };
		F751F74527328F1A004F698A /* AssetsProvider.swift in Sources */ = {isa = PBXBuildFile; fileRef = F751F74427328F1A004F698A /* AssetsProvider.swift */; };
		F751F7472739397F004F698A /* AssetsUpdater.swift in Sources */ = {isa = PBXBuildFile; fileRef = F751F7462739397F004F698A /* AssetsUpdater.swift */; };
		F751F74B273DB48E004F698A /* AssetInfo+ItemProvider.swift in Sources */ = {isa = PBXBuildFile; fileRef = F751F74A273DB48E004F698A /* AssetInfo+ItemProvider.swift */; };
		F7AFCECC271D5B2700D56A71 /* Exfoler.xcdatamodeld in Sources */ = {isa = PBXBuildFile; fileRef = F7AFCEB8271D5B2600D56A71 /* Exfoler.xcdatamodeld */; };
		F7AFCECE271D5B2700D56A71 /* ExfolerApp.swift in Sources */ = {isa = PBXBuildFile; fileRef = F7AFCEBA271D5B2600D56A71 /* ExfolerApp.swift */; };
		F7AFCED0271D5B2700D56A71 /* ContentView.swift in Sources */ = {isa = PBXBuildFile; fileRef = F7AFCEBB271D5B2600D56A71 /* ContentView.swift */; };
		F7AFCED2271D5B2700D56A71 /* Persistence.swift in Sources */ = {isa = PBXBuildFile; fileRef = F7AFCEBC271D5B2600D56A71 /* Persistence.swift */; };
		F7AFCED4271D5B2700D56A71 /* Assets.xcassets in Resources */ = {isa = PBXBuildFile; fileRef = F7AFCEBD271D5B2700D56A71 /* Assets.xcassets */; };
		F7AFCF0E271F23CE00D56A71 /* SearchField.swift in Sources */ = {isa = PBXBuildFile; fileRef = F7AFCEF2271F079F00D56A71 /* SearchField.swift */; };
		F7AFCF10271F593000D56A71 /* SearchResultsView.swift in Sources */ = {isa = PBXBuildFile; fileRef = F7AFCF0F271F593000D56A71 /* SearchResultsView.swift */; };
		F7E8E39927305E5E00FD54F6 /* Asset+DragAndDrop.swift in Sources */ = {isa = PBXBuildFile; fileRef = F7E8E39827305E5E00FD54F6 /* Asset+DragAndDrop.swift */; };
		F7F2ADC32720111F00CFBF89 /* Portfolio.swift in Sources */ = {isa = PBXBuildFile; fileRef = F7F2ADC22720111F00CFBF89 /* Portfolio.swift */; };
		F7F2ADC52720126700CFBF89 /* Asset.swift in Sources */ = {isa = PBXBuildFile; fileRef = F7F2ADC42720126700CFBF89 /* Asset.swift */; };
		F7F2ADCA2721BEE500CFBF89 /* SearchEngine.swift in Sources */ = {isa = PBXBuildFile; fileRef = F7F2ADC92721BEE500CFBF89 /* SearchEngine.swift */; };
/* End PBXBuildFile section */

/* Begin PBXContainerItemProxy section */
		F74AC09527327DAA000F6163 /* PBXContainerItemProxy */ = {
			isa = PBXContainerItemProxy;
			containerPortal = F7AFCEB3271D5B2500D56A71 /* Project object */;
			proxyType = 1;
			remoteGlobalIDString = F74AC08927327DAA000F6163;
			remoteInfo = PolygonKit;
		};
		F74AC09727327DAA000F6163 /* PBXContainerItemProxy */ = {
			isa = PBXContainerItemProxy;
			containerPortal = F7AFCEB3271D5B2500D56A71 /* Project object */;
			proxyType = 1;
			remoteGlobalIDString = F7AFCEC7271D5B2700D56A71;
			remoteInfo = "Exfoler (macOS)";
		};
		F74AC09D27327DAA000F6163 /* PBXContainerItemProxy */ = {
			isa = PBXContainerItemProxy;
			containerPortal = F7AFCEB3271D5B2500D56A71 /* Project object */;
			proxyType = 1;
			remoteGlobalIDString = F74AC08927327DAA000F6163;
			remoteInfo = PolygonKit;
		};
/* End PBXContainerItemProxy section */

/* Begin PBXCopyFilesBuildPhase section */
		F74AC0A127327DAA000F6163 /* Embed Frameworks */ = {
			isa = PBXCopyFilesBuildPhase;
			buildActionMask = 2147483647;
			dstPath = "";
			dstSubfolderSpec = 10;
			files = (
				F74AC0A027327DAA000F6163 /* PolygonKit.framework in Embed Frameworks */,
			);
			name = "Embed Frameworks";
			runOnlyForDeploymentPostprocessing = 0;
		};
/* End PBXCopyFilesBuildPhase section */

/* Begin PBXFileReference section */
		F718B4E4272C68EB00CD07C7 /* AssetsView.swift */ = {isa = PBXFileReference; lastKnownFileType = sourcecode.swift; path = AssetsView.swift; sourceTree = "<group>"; };
		F74AC08A27327DAA000F6163 /* PolygonKit.framework */ = {isa = PBXFileReference; explicitFileType = wrapper.framework; includeInIndex = 0; path = PolygonKit.framework; sourceTree = BUILT_PRODUCTS_DIR; };
		F74AC08C27327DAA000F6163 /* PolygonKit.h */ = {isa = PBXFileReference; lastKnownFileType = sourcecode.c.h; path = PolygonKit.h; sourceTree = "<group>"; };
		F74AC08D27327DAA000F6163 /* PolygonKit.docc */ = {isa = PBXFileReference; lastKnownFileType = folder.documentationcatalog; path = PolygonKit.docc; sourceTree = "<group>"; };
		F74AC09327327DAA000F6163 /* PolygonKitTests.xctest */ = {isa = PBXFileReference; explicitFileType = wrapper.cfbundle; includeInIndex = 0; path = PolygonKitTests.xctest; sourceTree = BUILT_PRODUCTS_DIR; };
		F74AC09A27327DAA000F6163 /* PolygonKitTests.swift */ = {isa = PBXFileReference; lastKnownFileType = sourcecode.swift; path = PolygonKitTests.swift; sourceTree = "<group>"; };
		F751F73F27328A96004F698A /* AssetInfo.swift */ = {isa = PBXFileReference; lastKnownFileType = sourcecode.swift; path = AssetInfo.swift; sourceTree = "<group>"; };
		F751F74227328F04004F698A /* PolygonAPI+AssetsProvider.swift */ = {isa = PBXFileReference; lastKnownFileType = sourcecode.swift; path = "PolygonAPI+AssetsProvider.swift"; sourceTree = "<group>"; };
		F751F74427328F1A004F698A /* AssetsProvider.swift */ = {isa = PBXFileReference; lastKnownFileType = sourcecode.swift; path = AssetsProvider.swift; sourceTree = "<group>"; };
		F751F7462739397F004F698A /* AssetsUpdater.swift */ = {isa = PBXFileReference; lastKnownFileType = sourcecode.swift; path = AssetsUpdater.swift; sourceTree = "<group>"; };
		F751F74A273DB48E004F698A /* AssetInfo+ItemProvider.swift */ = {isa = PBXFileReference; lastKnownFileType = sourcecode.swift; path = "AssetInfo+ItemProvider.swift"; sourceTree = "<group>"; };
		F76F3DA2272A9C9900754DEF /* PolygonAPI.Publisher.swift */ = {isa = PBXFileReference; lastKnownFileType = sourcecode.swift; path = PolygonAPI.Publisher.swift; sourceTree = "<group>"; };
		F7AFCEB9271D5B2600D56A71 /* Shared.xcdatamodel */ = {isa = PBXFileReference; lastKnownFileType = wrapper.xcdatamodel; path = Shared.xcdatamodel; sourceTree = "<group>"; };
		F7AFCEBA271D5B2600D56A71 /* ExfolerApp.swift */ = {isa = PBXFileReference; lastKnownFileType = sourcecode.swift; path = ExfolerApp.swift; sourceTree = "<group>"; };
		F7AFCEBB271D5B2600D56A71 /* ContentView.swift */ = {isa = PBXFileReference; lastKnownFileType = sourcecode.swift; path = ContentView.swift; sourceTree = "<group>"; };
		F7AFCEBC271D5B2600D56A71 /* Persistence.swift */ = {isa = PBXFileReference; lastKnownFileType = sourcecode.swift; path = Persistence.swift; sourceTree = "<group>"; };
		F7AFCEBD271D5B2700D56A71 /* Assets.xcassets */ = {isa = PBXFileReference; lastKnownFileType = folder.assetcatalog; path = Assets.xcassets; sourceTree = "<group>"; };
		F7AFCEC8271D5B2700D56A71 /* Exfoler.app */ = {isa = PBXFileReference; explicitFileType = wrapper.application; includeInIndex = 0; path = Exfoler.app; sourceTree = BUILT_PRODUCTS_DIR; };
		F7AFCECA271D5B2700D56A71 /* macOS.entitlements */ = {isa = PBXFileReference; lastKnownFileType = text.plist.entitlements; path = macOS.entitlements; sourceTree = "<group>"; };
		F7AFCEE4271D659C00D56A71 /* PolygonAPI.swift */ = {isa = PBXFileReference; lastKnownFileType = sourcecode.swift; path = PolygonAPI.swift; sourceTree = "<group>"; };
		F7AFCEE8271D6D9800D56A71 /* PolygonAPI.Responses.swift */ = {isa = PBXFileReference; lastKnownFileType = sourcecode.swift; path = PolygonAPI.Responses.swift; sourceTree = "<group>"; };
		F7AFCEF2271F079F00D56A71 /* SearchField.swift */ = {isa = PBXFileReference; lastKnownFileType = sourcecode.swift; path = SearchField.swift; sourceTree = "<group>"; };
		F7AFCF0F271F593000D56A71 /* SearchResultsView.swift */ = {isa = PBXFileReference; lastKnownFileType = sourcecode.swift; path = SearchResultsView.swift; sourceTree = "<group>"; };
		F7E8E39827305E5E00FD54F6 /* Asset+DragAndDrop.swift */ = {isa = PBXFileReference; lastKnownFileType = sourcecode.swift; path = "Asset+DragAndDrop.swift"; sourceTree = "<group>"; };
		F7E8E3A22730673F00FD54F6 /* Exfoler--macOS--Info.plist */ = {isa = PBXFileReference; lastKnownFileType = text.plist; path = "Exfoler--macOS--Info.plist"; sourceTree = "<group>"; };
		F7F2ADC22720111F00CFBF89 /* Portfolio.swift */ = {isa = PBXFileReference; lastKnownFileType = sourcecode.swift; path = Portfolio.swift; sourceTree = "<group>"; };
		F7F2ADC42720126700CFBF89 /* Asset.swift */ = {isa = PBXFileReference; lastKnownFileType = sourcecode.swift; path = Asset.swift; sourceTree = "<group>"; };
		F7F2ADC92721BEE500CFBF89 /* SearchEngine.swift */ = {isa = PBXFileReference; lastKnownFileType = sourcecode.swift; path = SearchEngine.swift; sourceTree = "<group>"; };
/* End PBXFileReference section */

/* Begin PBXFrameworksBuildPhase section */
		F74AC08727327DAA000F6163 /* Frameworks */ = {
			isa = PBXFrameworksBuildPhase;
			buildActionMask = 2147483647;
			files = (
			);
			runOnlyForDeploymentPostprocessing = 0;
		};
		F74AC09027327DAA000F6163 /* Frameworks */ = {
			isa = PBXFrameworksBuildPhase;
			buildActionMask = 2147483647;
			files = (
				F74AC09427327DAA000F6163 /* PolygonKit.framework in Frameworks */,
			);
			runOnlyForDeploymentPostprocessing = 0;
		};
		F7AFCEC5271D5B2700D56A71 /* Frameworks */ = {
			isa = PBXFrameworksBuildPhase;
			buildActionMask = 2147483647;
			files = (
				F74AC09F27327DAA000F6163 /* PolygonKit.framework in Frameworks */,
			);
			runOnlyForDeploymentPostprocessing = 0;
		};
/* End PBXFrameworksBuildPhase section */

/* Begin PBXGroup section */
		F74AC08B27327DAA000F6163 /* PolygonKit */ = {
			isa = PBXGroup;
			children = (
				F7AFCEE4271D659C00D56A71 /* PolygonAPI.swift */,
				F7AFCEE8271D6D9800D56A71 /* PolygonAPI.Responses.swift */,
				F76F3DA2272A9C9900754DEF /* PolygonAPI.Publisher.swift */,
				F74AC08C27327DAA000F6163 /* PolygonKit.h */,
				F74AC08D27327DAA000F6163 /* PolygonKit.docc */,
			);
			path = PolygonKit;
			sourceTree = "<group>";
		};
		F74AC09927327DAA000F6163 /* PolygonKitTests */ = {
			isa = PBXGroup;
			children = (
				F74AC09A27327DAA000F6163 /* PolygonKitTests.swift */,
			);
			path = PolygonKitTests;
			sourceTree = "<group>";
		};
		F751F74127328B6A004F698A /* DI */ = {
			isa = PBXGroup;
			children = (
				F751F73F27328A96004F698A /* AssetInfo.swift */,
				F751F74427328F1A004F698A /* AssetsProvider.swift */,
				F751F74227328F04004F698A /* PolygonAPI+AssetsProvider.swift */,
			);
			path = DI;
			sourceTree = "<group>";
		};
		F7AFCEB2271D5B2500D56A71 = {
			isa = PBXGroup;
			children = (
				F7E8E3A22730673F00FD54F6 /* Exfoler--macOS--Info.plist */,
				F7AFCEB7271D5B2600D56A71 /* Shared */,
				F7AFCEC9271D5B2700D56A71 /* macOS */,
				F74AC08B27327DAA000F6163 /* PolygonKit */,
				F74AC09927327DAA000F6163 /* PolygonKitTests */,
				F7AFCEC3271D5B2700D56A71 /* Products */,
			);
			sourceTree = "<group>";
		};
		F7AFCEB7271D5B2600D56A71 /* Shared */ = {
			isa = PBXGroup;
			children = (
				F7AFCEBA271D5B2600D56A71 /* ExfolerApp.swift */,
				F7AFCEBB271D5B2600D56A71 /* ContentView.swift */,
				F751F74127328B6A004F698A /* DI */,
				F7AFCEE7271D65A100D56A71 /* Model */,
				F7F2ADCB2721BF1100CFBF89 /* ModelView */,
				F7AFCEF5271F104C00D56A71 /* Views */,
				F7AFCEBD271D5B2700D56A71 /* Assets.xcassets */,
				F7AFCEB8271D5B2600D56A71 /* Exfoler.xcdatamodeld */,
			);
			path = Shared;
			sourceTree = "<group>";
		};
		F7AFCEC3271D5B2700D56A71 /* Products */ = {
			isa = PBXGroup;
			children = (
				F7AFCEC8271D5B2700D56A71 /* Exfoler.app */,
				F74AC08A27327DAA000F6163 /* PolygonKit.framework */,
				F74AC09327327DAA000F6163 /* PolygonKitTests.xctest */,
			);
			name = Products;
			sourceTree = "<group>";
		};
		F7AFCEC9271D5B2700D56A71 /* macOS */ = {
			isa = PBXGroup;
			children = (
				F7AFCECA271D5B2700D56A71 /* macOS.entitlements */,
			);
			path = macOS;
			sourceTree = "<group>";
		};
		F7AFCEE7271D65A100D56A71 /* Model */ = {
			isa = PBXGroup;
			children = (
				F7F2ADC42720126700CFBF89 /* Asset.swift */,
				F7AFCEBC271D5B2600D56A71 /* Persistence.swift */,
				F7F2ADC22720111F00CFBF89 /* Portfolio.swift */,
			);
			path = Model;
			sourceTree = "<group>";
		};
		F7AFCEF5271F104C00D56A71 /* Views */ = {
			isa = PBXGroup;
			children = (
				F7F2ADC8272076C100CFBF89 /* AppKit */,
				F7AFCF0F271F593000D56A71 /* SearchResultsView.swift */,
				F718B4E4272C68EB00CD07C7 /* AssetsView.swift */,
			);
			path = Views;
			sourceTree = "<group>";
		};
		F7F2ADC8272076C100CFBF89 /* AppKit */ = {
			isa = PBXGroup;
			children = (
				F7AFCEF2271F079F00D56A71 /* SearchField.swift */,
			);
			path = AppKit;
			sourceTree = "<group>";
		};
		F7F2ADCB2721BF1100CFBF89 /* ModelView */ = {
			isa = PBXGroup;
			children = (
				F7E8E39827305E5E00FD54F6 /* Asset+DragAndDrop.swift */,
				F751F74A273DB48E004F698A /* AssetInfo+ItemProvider.swift */,
				F7F2ADC92721BEE500CFBF89 /* SearchEngine.swift */,
				F751F7462739397F004F698A /* AssetsUpdater.swift */,
			);
			path = ModelView;
			sourceTree = "<group>";
		};
/* End PBXGroup section */

/* Begin PBXHeadersBuildPhase section */
		F74AC08527327DAA000F6163 /* Headers */ = {
			isa = PBXHeadersBuildPhase;
			buildActionMask = 2147483647;
			files = (
				F74AC09C27327DAA000F6163 /* PolygonKit.h in Headers */,
			);
			runOnlyForDeploymentPostprocessing = 0;
		};
/* End PBXHeadersBuildPhase section */

/* Begin PBXNativeTarget section */
		F74AC08927327DAA000F6163 /* PolygonKit */ = {
			isa = PBXNativeTarget;
			buildConfigurationList = F74AC0A627327DAA000F6163 /* Build configuration list for PBXNativeTarget "PolygonKit" */;
			buildPhases = (
				F74AC08527327DAA000F6163 /* Headers */,
				F74AC08627327DAA000F6163 /* Sources */,
				F74AC08727327DAA000F6163 /* Frameworks */,
				F74AC08827327DAA000F6163 /* Resources */,
			);
			buildRules = (
			);
			dependencies = (
			);
			name = PolygonKit;
			productName = PolygonKit;
			productReference = F74AC08A27327DAA000F6163 /* PolygonKit.framework */;
			productType = "com.apple.product-type.framework";
		};
		F74AC09227327DAA000F6163 /* PolygonKitTests */ = {
			isa = PBXNativeTarget;
			buildConfigurationList = F74AC0A727327DAA000F6163 /* Build configuration list for PBXNativeTarget "PolygonKitTests" */;
			buildPhases = (
				F74AC08F27327DAA000F6163 /* Sources */,
				F74AC09027327DAA000F6163 /* Frameworks */,
				F74AC09127327DAA000F6163 /* Resources */,
			);
			buildRules = (
			);
			dependencies = (
				F74AC09627327DAA000F6163 /* PBXTargetDependency */,
				F74AC09827327DAA000F6163 /* PBXTargetDependency */,
			);
			name = PolygonKitTests;
			productName = PolygonKitTests;
			productReference = F74AC09327327DAA000F6163 /* PolygonKitTests.xctest */;
			productType = "com.apple.product-type.bundle.unit-test";
		};
		F7AFCEC7271D5B2700D56A71 /* Exfoler (macOS) */ = {
			isa = PBXNativeTarget;
			buildConfigurationList = F7AFCEDA271D5B2700D56A71 /* Build configuration list for PBXNativeTarget "Exfoler (macOS)" */;
			buildPhases = (
				F7AFCEC4271D5B2700D56A71 /* Sources */,
				F7AFCEC5271D5B2700D56A71 /* Frameworks */,
				F7AFCEC6271D5B2700D56A71 /* Resources */,
				F74AC0A127327DAA000F6163 /* Embed Frameworks */,
			);
			buildRules = (
			);
			dependencies = (
				F74AC09E27327DAA000F6163 /* PBXTargetDependency */,
			);
			name = "Exfoler (macOS)";
			productName = "Exfoler (macOS)";
			productReference = F7AFCEC8271D5B2700D56A71 /* Exfoler.app */;
			productType = "com.apple.product-type.application";
		};
/* End PBXNativeTarget section */

/* Begin PBXProject section */
		F7AFCEB3271D5B2500D56A71 /* Project object */ = {
			isa = PBXProject;
			attributes = {
				BuildIndependentTargetsInParallel = 1;
				LastSwiftUpdateCheck = 1310;
				LastUpgradeCheck = 1310;
				TargetAttributes = {
					F74AC08927327DAA000F6163 = {
						CreatedOnToolsVersion = 13.1;
					};
					F74AC09227327DAA000F6163 = {
						CreatedOnToolsVersion = 13.1;
						TestTargetID = F7AFCEC7271D5B2700D56A71;
					};
					F7AFCEC7271D5B2700D56A71 = {
						CreatedOnToolsVersion = 13.0;
					};
				};
			};
			buildConfigurationList = F7AFCEB6271D5B2500D56A71 /* Build configuration list for PBXProject "Exfoler" */;
			compatibilityVersion = "Xcode 13.0";
			developmentRegion = en;
			hasScannedForEncodings = 0;
			knownRegions = (
				en,
				Base,
			);
			mainGroup = F7AFCEB2271D5B2500D56A71;
			productRefGroup = F7AFCEC3271D5B2700D56A71 /* Products */;
			projectDirPath = "";
			projectRoot = "";
			targets = (
				F7AFCEC7271D5B2700D56A71 /* Exfoler (macOS) */,
				F74AC08927327DAA000F6163 /* PolygonKit */,
				F74AC09227327DAA000F6163 /* PolygonKitTests */,
			);
		};
/* End PBXProject section */

/* Begin PBXResourcesBuildPhase section */
		F74AC08827327DAA000F6163 /* Resources */ = {
			isa = PBXResourcesBuildPhase;
			buildActionMask = 2147483647;
			files = (
			);
			runOnlyForDeploymentPostprocessing = 0;
		};
		F74AC09127327DAA000F6163 /* Resources */ = {
			isa = PBXResourcesBuildPhase;
			buildActionMask = 2147483647;
			files = (
			);
			runOnlyForDeploymentPostprocessing = 0;
		};
		F7AFCEC6271D5B2700D56A71 /* Resources */ = {
			isa = PBXResourcesBuildPhase;
			buildActionMask = 2147483647;
			files = (
				F7AFCED4271D5B2700D56A71 /* Assets.xcassets in Resources */,
			);
			runOnlyForDeploymentPostprocessing = 0;
		};
/* End PBXResourcesBuildPhase section */

/* Begin PBXSourcesBuildPhase section */
		F74AC08627327DAA000F6163 /* Sources */ = {
			isa = PBXSourcesBuildPhase;
			buildActionMask = 2147483647;
			files = (
				F74AC0A927327DDB000F6163 /* PolygonAPI.Publisher.swift in Sources */,
				F74AC0AA27327DDB000F6163 /* PolygonAPI.swift in Sources */,
				F74AC08E27327DAA000F6163 /* PolygonKit.docc in Sources */,
				F74AC0A827327DDB000F6163 /* PolygonAPI.Responses.swift in Sources */,
			);
			runOnlyForDeploymentPostprocessing = 0;
		};
		F74AC08F27327DAA000F6163 /* Sources */ = {
			isa = PBXSourcesBuildPhase;
			buildActionMask = 2147483647;
			files = (
				F74AC09B27327DAA000F6163 /* PolygonKitTests.swift in Sources */,
			);
			runOnlyForDeploymentPostprocessing = 0;
		};
		F7AFCEC4271D5B2700D56A71 /* Sources */ = {
			isa = PBXSourcesBuildPhase;
			buildActionMask = 2147483647;
			files = (
				F751F74327328F04004F698A /* PolygonAPI+AssetsProvider.swift in Sources */,
				F7E8E39927305E5E00FD54F6 /* Asset+DragAndDrop.swift in Sources */,
				F7F2ADC32720111F00CFBF89 /* Portfolio.swift in Sources */,
				F751F74027328A96004F698A /* AssetInfo.swift in Sources */,
				F751F7472739397F004F698A /* AssetsUpdater.swift in Sources */,
				F7F2ADC52720126700CFBF89 /* Asset.swift in Sources */,
				F7F2ADCA2721BEE500CFBF89 /* SearchEngine.swift in Sources */,
				F7AFCECC271D5B2700D56A71 /* Exfoler.xcdatamodeld in Sources */,
				F751F74B273DB48E004F698A /* AssetInfo+ItemProvider.swift in Sources */,
				F7AFCED2271D5B2700D56A71 /* Persistence.swift in Sources */,
				F7AFCECE271D5B2700D56A71 /* ExfolerApp.swift in Sources */,
				F718B4E5272C68EB00CD07C7 /* AssetsView.swift in Sources */,
				F7AFCF10271F593000D56A71 /* SearchResultsView.swift in Sources */,
				F7AFCF0E271F23CE00D56A71 /* SearchField.swift in Sources */,
				F7AFCED0271D5B2700D56A71 /* ContentView.swift in Sources */,
				F751F74527328F1A004F698A /* AssetsProvider.swift in Sources */,
			);
			runOnlyForDeploymentPostprocessing = 0;
		};
/* End PBXSourcesBuildPhase section */

/* Begin PBXTargetDependency section */
		F74AC09627327DAA000F6163 /* PBXTargetDependency */ = {
			isa = PBXTargetDependency;
			target = F74AC08927327DAA000F6163 /* PolygonKit */;
			targetProxy = F74AC09527327DAA000F6163 /* PBXContainerItemProxy */;
		};
		F74AC09827327DAA000F6163 /* PBXTargetDependency */ = {
			isa = PBXTargetDependency;
			target = F7AFCEC7271D5B2700D56A71 /* Exfoler (macOS) */;
			targetProxy = F74AC09727327DAA000F6163 /* PBXContainerItemProxy */;
		};
		F74AC09E27327DAA000F6163 /* PBXTargetDependency */ = {
			isa = PBXTargetDependency;
			target = F74AC08927327DAA000F6163 /* PolygonKit */;
			targetProxy = F74AC09D27327DAA000F6163 /* PBXContainerItemProxy */;
		};
/* End PBXTargetDependency section */

/* Begin XCBuildConfiguration section */
		F74AC0A227327DAA000F6163 /* Debug */ = {
			isa = XCBuildConfiguration;
			buildSettings = {
				CODE_SIGN_IDENTITY = "-";
				CODE_SIGN_STYLE = Automatic;
				COMBINE_HIDPI_IMAGES = YES;
				CURRENT_PROJECT_VERSION = 1;
				DEFINES_MODULE = YES;
				DEVELOPMENT_TEAM = J4AL2MH8ZC;
				DYLIB_COMPATIBILITY_VERSION = 1;
				DYLIB_CURRENT_VERSION = 1;
				DYLIB_INSTALL_NAME_BASE = "@rpath";
				GENERATE_INFOPLIST_FILE = YES;
				INFOPLIST_KEY_NSHumanReadableCopyright = "";
				INSTALL_PATH = "$(LOCAL_LIBRARY_DIR)/Frameworks";
				LD_RUNPATH_SEARCH_PATHS = (
					"$(inherited)",
					"@executable_path/../Frameworks",
					"@loader_path/Frameworks",
				);
				MACOSX_DEPLOYMENT_TARGET = 12.0;
				MARKETING_VERSION = 1.0;
				PRODUCT_BUNDLE_IDENTIFIER = "Grigory-Krivyakin.PolygonKit";
				PRODUCT_NAME = "$(TARGET_NAME:c99extidentifier)";
				SDKROOT = macosx;
				SKIP_INSTALL = YES;
				SWIFT_EMIT_LOC_STRINGS = YES;
				SWIFT_VERSION = 5.0;
				VERSIONING_SYSTEM = "apple-generic";
				VERSION_INFO_PREFIX = "";
			};
			name = Debug;
		};
		F74AC0A327327DAA000F6163 /* Release */ = {
			isa = XCBuildConfiguration;
			buildSettings = {
				CODE_SIGN_IDENTITY = "-";
				CODE_SIGN_STYLE = Automatic;
				COMBINE_HIDPI_IMAGES = YES;
				CURRENT_PROJECT_VERSION = 1;
				DEFINES_MODULE = YES;
				DEVELOPMENT_TEAM = J4AL2MH8ZC;
				DYLIB_COMPATIBILITY_VERSION = 1;
				DYLIB_CURRENT_VERSION = 1;
				DYLIB_INSTALL_NAME_BASE = "@rpath";
				GENERATE_INFOPLIST_FILE = YES;
				INFOPLIST_KEY_NSHumanReadableCopyright = "";
				INSTALL_PATH = "$(LOCAL_LIBRARY_DIR)/Frameworks";
				LD_RUNPATH_SEARCH_PATHS = (
					"$(inherited)",
					"@executable_path/../Frameworks",
					"@loader_path/Frameworks",
				);
				MACOSX_DEPLOYMENT_TARGET = 12.0;
				MARKETING_VERSION = 1.0;
				PRODUCT_BUNDLE_IDENTIFIER = "Grigory-Krivyakin.PolygonKit";
				PRODUCT_NAME = "$(TARGET_NAME:c99extidentifier)";
				SDKROOT = macosx;
				SKIP_INSTALL = YES;
				SWIFT_EMIT_LOC_STRINGS = YES;
				SWIFT_VERSION = 5.0;
				VERSIONING_SYSTEM = "apple-generic";
				VERSION_INFO_PREFIX = "";
			};
			name = Release;
		};
		F74AC0A427327DAA000F6163 /* Debug */ = {
			isa = XCBuildConfiguration;
			buildSettings = {
				ALWAYS_EMBED_SWIFT_STANDARD_LIBRARIES = YES;
				CODE_SIGN_STYLE = Automatic;
				COMBINE_HIDPI_IMAGES = YES;
				CURRENT_PROJECT_VERSION = 1;
				DEVELOPMENT_TEAM = J4AL2MH8ZC;
				GENERATE_INFOPLIST_FILE = YES;
				LD_RUNPATH_SEARCH_PATHS = (
					"$(inherited)",
					"@executable_path/../Frameworks",
					"@loader_path/../Frameworks",
				);
				MACOSX_DEPLOYMENT_TARGET = 12.0;
				MARKETING_VERSION = 1.0;
				PRODUCT_BUNDLE_IDENTIFIER = "Grigory-Krivyakin.PolygonKitTests";
				PRODUCT_NAME = "$(TARGET_NAME)";
				SDKROOT = macosx;
				SWIFT_EMIT_LOC_STRINGS = NO;
				SWIFT_VERSION = 5.0;
				TEST_HOST = "$(BUILT_PRODUCTS_DIR)/Exfoler.app/Contents/MacOS/Exfoler";
			};
			name = Debug;
		};
		F74AC0A527327DAA000F6163 /* Release */ = {
			isa = XCBuildConfiguration;
			buildSettings = {
				ALWAYS_EMBED_SWIFT_STANDARD_LIBRARIES = YES;
				CODE_SIGN_STYLE = Automatic;
				COMBINE_HIDPI_IMAGES = YES;
				CURRENT_PROJECT_VERSION = 1;
				DEVELOPMENT_TEAM = J4AL2MH8ZC;
				GENERATE_INFOPLIST_FILE = YES;
				LD_RUNPATH_SEARCH_PATHS = (
					"$(inherited)",
					"@executable_path/../Frameworks",
					"@loader_path/../Frameworks",
				);
				MACOSX_DEPLOYMENT_TARGET = 12.0;
				MARKETING_VERSION = 1.0;
				PRODUCT_BUNDLE_IDENTIFIER = "Grigory-Krivyakin.PolygonKitTests";
				PRODUCT_NAME = "$(TARGET_NAME)";
				SDKROOT = macosx;
				SWIFT_EMIT_LOC_STRINGS = NO;
				SWIFT_VERSION = 5.0;
				TEST_HOST = "$(BUILT_PRODUCTS_DIR)/Exfoler.app/Contents/MacOS/Exfoler";
			};
			name = Release;
		};
		F7AFCED5271D5B2700D56A71 /* Debug */ = {
			isa = XCBuildConfiguration;
			buildSettings = {
				ALWAYS_SEARCH_USER_PATHS = NO;
				CLANG_ANALYZER_NONNULL = YES;
				CLANG_ANALYZER_NUMBER_OBJECT_CONVERSION = YES_AGGRESSIVE;
				CLANG_CXX_LANGUAGE_STANDARD = "gnu++17";
				CLANG_CXX_LIBRARY = "libc++";
				CLANG_ENABLE_MODULES = YES;
				CLANG_ENABLE_OBJC_ARC = YES;
				CLANG_ENABLE_OBJC_WEAK = YES;
				CLANG_WARN_BLOCK_CAPTURE_AUTORELEASING = YES;
				CLANG_WARN_BOOL_CONVERSION = YES;
				CLANG_WARN_COMMA = YES;
				CLANG_WARN_CONSTANT_CONVERSION = YES;
				CLANG_WARN_DEPRECATED_OBJC_IMPLEMENTATIONS = YES;
				CLANG_WARN_DIRECT_OBJC_ISA_USAGE = YES_ERROR;
				CLANG_WARN_DOCUMENTATION_COMMENTS = YES;
				CLANG_WARN_EMPTY_BODY = YES;
				CLANG_WARN_ENUM_CONVERSION = YES;
				CLANG_WARN_INFINITE_RECURSION = YES;
				CLANG_WARN_INT_CONVERSION = YES;
				CLANG_WARN_NON_LITERAL_NULL_CONVERSION = YES;
				CLANG_WARN_OBJC_IMPLICIT_RETAIN_SELF = YES;
				CLANG_WARN_OBJC_LITERAL_CONVERSION = YES;
				CLANG_WARN_OBJC_ROOT_CLASS = YES_ERROR;
				CLANG_WARN_QUOTED_INCLUDE_IN_FRAMEWORK_HEADER = YES;
				CLANG_WARN_RANGE_LOOP_ANALYSIS = YES;
				CLANG_WARN_STRICT_PROTOTYPES = YES;
				CLANG_WARN_SUSPICIOUS_MOVE = YES;
				CLANG_WARN_UNGUARDED_AVAILABILITY = YES_AGGRESSIVE;
				CLANG_WARN_UNREACHABLE_CODE = YES;
				CLANG_WARN__DUPLICATE_METHOD_MATCH = YES;
				COPY_PHASE_STRIP = NO;
				DEBUG_INFORMATION_FORMAT = dwarf;
				ENABLE_STRICT_OBJC_MSGSEND = YES;
				ENABLE_TESTABILITY = YES;
				GCC_C_LANGUAGE_STANDARD = gnu11;
				GCC_DYNAMIC_NO_PIC = NO;
				GCC_NO_COMMON_BLOCKS = YES;
				GCC_OPTIMIZATION_LEVEL = 0;
				GCC_PREPROCESSOR_DEFINITIONS = (
					"DEBUG=1",
					"$(inherited)",
				);
				GCC_WARN_64_TO_32_BIT_CONVERSION = YES;
				GCC_WARN_ABOUT_RETURN_TYPE = YES_ERROR;
				GCC_WARN_UNDECLARED_SELECTOR = YES;
				GCC_WARN_UNINITIALIZED_AUTOS = YES_AGGRESSIVE;
				GCC_WARN_UNUSED_FUNCTION = YES;
				GCC_WARN_UNUSED_VARIABLE = YES;
				MTL_ENABLE_DEBUG_INFO = INCLUDE_SOURCE;
				MTL_FAST_MATH = YES;
				ONLY_ACTIVE_ARCH = YES;
				SWIFT_ACTIVE_COMPILATION_CONDITIONS = DEBUG;
				SWIFT_OPTIMIZATION_LEVEL = "-Onone";
			};
			name = Debug;
		};
		F7AFCED6271D5B2700D56A71 /* Release */ = {
			isa = XCBuildConfiguration;
			buildSettings = {
				ALWAYS_SEARCH_USER_PATHS = NO;
				CLANG_ANALYZER_NONNULL = YES;
				CLANG_ANALYZER_NUMBER_OBJECT_CONVERSION = YES_AGGRESSIVE;
				CLANG_CXX_LANGUAGE_STANDARD = "gnu++17";
				CLANG_CXX_LIBRARY = "libc++";
				CLANG_ENABLE_MODULES = YES;
				CLANG_ENABLE_OBJC_ARC = YES;
				CLANG_ENABLE_OBJC_WEAK = YES;
				CLANG_WARN_BLOCK_CAPTURE_AUTORELEASING = YES;
				CLANG_WARN_BOOL_CONVERSION = YES;
				CLANG_WARN_COMMA = YES;
				CLANG_WARN_CONSTANT_CONVERSION = YES;
				CLANG_WARN_DEPRECATED_OBJC_IMPLEMENTATIONS = YES;
				CLANG_WARN_DIRECT_OBJC_ISA_USAGE = YES_ERROR;
				CLANG_WARN_DOCUMENTATION_COMMENTS = YES;
				CLANG_WARN_EMPTY_BODY = YES;
				CLANG_WARN_ENUM_CONVERSION = YES;
				CLANG_WARN_INFINITE_RECURSION = YES;
				CLANG_WARN_INT_CONVERSION = YES;
				CLANG_WARN_NON_LITERAL_NULL_CONVERSION = YES;
				CLANG_WARN_OBJC_IMPLICIT_RETAIN_SELF = YES;
				CLANG_WARN_OBJC_LITERAL_CONVERSION = YES;
				CLANG_WARN_OBJC_ROOT_CLASS = YES_ERROR;
				CLANG_WARN_QUOTED_INCLUDE_IN_FRAMEWORK_HEADER = YES;
				CLANG_WARN_RANGE_LOOP_ANALYSIS = YES;
				CLANG_WARN_STRICT_PROTOTYPES = YES;
				CLANG_WARN_SUSPICIOUS_MOVE = YES;
				CLANG_WARN_UNGUARDED_AVAILABILITY = YES_AGGRESSIVE;
				CLANG_WARN_UNREACHABLE_CODE = YES;
				CLANG_WARN__DUPLICATE_METHOD_MATCH = YES;
				COPY_PHASE_STRIP = NO;
				DEBUG_INFORMATION_FORMAT = "dwarf-with-dsym";
				ENABLE_NS_ASSERTIONS = NO;
				ENABLE_STRICT_OBJC_MSGSEND = YES;
				GCC_C_LANGUAGE_STANDARD = gnu11;
				GCC_NO_COMMON_BLOCKS = YES;
				GCC_WARN_64_TO_32_BIT_CONVERSION = YES;
				GCC_WARN_ABOUT_RETURN_TYPE = YES_ERROR;
				GCC_WARN_UNDECLARED_SELECTOR = YES;
				GCC_WARN_UNINITIALIZED_AUTOS = YES_AGGRESSIVE;
				GCC_WARN_UNUSED_FUNCTION = YES;
				GCC_WARN_UNUSED_VARIABLE = YES;
				MTL_ENABLE_DEBUG_INFO = NO;
				MTL_FAST_MATH = YES;
				SWIFT_COMPILATION_MODE = wholemodule;
				SWIFT_OPTIMIZATION_LEVEL = "-O";
			};
			name = Release;
		};
		F7AFCEDB271D5B2700D56A71 /* Debug */ = {
			isa = XCBuildConfiguration;
			buildSettings = {
				ALWAYS_EMBED_SWIFT_STANDARD_LIBRARIES = YES;
				ASSETCATALOG_COMPILER_APPICON_NAME = AppIcon;
				ASSETCATALOG_COMPILER_GLOBAL_ACCENT_COLOR_NAME = AccentColor;
				CODE_SIGN_ENTITLEMENTS = macOS/macOS.entitlements;
				CODE_SIGN_IDENTITY = "Apple Development";
				CODE_SIGN_STYLE = Automatic;
				COMBINE_HIDPI_IMAGES = YES;
				CURRENT_PROJECT_VERSION = 1;
				DEVELOPMENT_TEAM = J4AL2MH8ZC;
				ENABLE_HARDENED_RUNTIME = YES;
				ENABLE_PREVIEWS = YES;
				GENERATE_INFOPLIST_FILE = YES;
				INFOPLIST_FILE = "Exfoler--macOS--Info.plist";
				INFOPLIST_KEY_NSHumanReadableCopyright = "";
				LD_RUNPATH_SEARCH_PATHS = (
					"$(inherited)",
					"@executable_path/../Frameworks",
				);
				MACOSX_DEPLOYMENT_TARGET = 12.0;
				MARKETING_VERSION = 1.0;
				PRODUCT_BUNDLE_IDENTIFIER = "Grigory-Krivyakin.Exfoler";
				PRODUCT_NAME = Exfoler;
				SDKROOT = macosx;
				SWIFT_EMIT_LOC_STRINGS = YES;
				SWIFT_VERSION = 5.0;
			};
			name = Debug;
		};
		F7AFCEDC271D5B2700D56A71 /* Release */ = {
			isa = XCBuildConfiguration;
			buildSettings = {
				ALWAYS_EMBED_SWIFT_STANDARD_LIBRARIES = YES;
				ASSETCATALOG_COMPILER_APPICON_NAME = AppIcon;
				ASSETCATALOG_COMPILER_GLOBAL_ACCENT_COLOR_NAME = AccentColor;
				CODE_SIGN_ENTITLEMENTS = macOS/macOS.entitlements;
				CODE_SIGN_IDENTITY = "-";
				CODE_SIGN_STYLE = Automatic;
				COMBINE_HIDPI_IMAGES = YES;
				CURRENT_PROJECT_VERSION = 1;
				DEVELOPMENT_TEAM = J4AL2MH8ZC;
				ENABLE_HARDENED_RUNTIME = YES;
				ENABLE_PREVIEWS = YES;
				GENERATE_INFOPLIST_FILE = YES;
				INFOPLIST_FILE = "Exfoler--macOS--Info.plist";
				INFOPLIST_KEY_NSHumanReadableCopyright = "";
				LD_RUNPATH_SEARCH_PATHS = (
					"$(inherited)",
					"@executable_path/../Frameworks",
				);
				MACOSX_DEPLOYMENT_TARGET = 12.0;
				MARKETING_VERSION = 1.0;
				PRODUCT_BUNDLE_IDENTIFIER = "Grigory-Krivyakin.Exfoler";
				PRODUCT_NAME = Exfoler;
				SDKROOT = macosx;
				SWIFT_EMIT_LOC_STRINGS = YES;
				SWIFT_VERSION = 5.0;
			};
			name = Release;
		};
/* End XCBuildConfiguration section */

/* Begin XCConfigurationList section */
		F74AC0A627327DAA000F6163 /* Build configuration list for PBXNativeTarget "PolygonKit" */ = {
			isa = XCConfigurationList;
			buildConfigurations = (
				F74AC0A227327DAA000F6163 /* Debug */,
				F74AC0A327327DAA000F6163 /* Release */,
			);
			defaultConfigurationIsVisible = 0;
			defaultConfigurationName = Release;
		};
		F74AC0A727327DAA000F6163 /* Build configuration list for PBXNativeTarget "PolygonKitTests" */ = {
			isa = XCConfigurationList;
			buildConfigurations = (
				F74AC0A427327DAA000F6163 /* Debug */,
				F74AC0A527327DAA000F6163 /* Release */,
			);
			defaultConfigurationIsVisible = 0;
			defaultConfigurationName = Release;
		};
		F7AFCEB6271D5B2500D56A71 /* Build configuration list for PBXProject "Exfoler" */ = {
			isa = XCConfigurationList;
			buildConfigurations = (
				F7AFCED5271D5B2700D56A71 /* Debug */,
				F7AFCED6271D5B2700D56A71 /* Release */,
			);
			defaultConfigurationIsVisible = 0;
			defaultConfigurationName = Release;
		};
		F7AFCEDA271D5B2700D56A71 /* Build configuration list for PBXNativeTarget "Exfoler (macOS)" */ = {
			isa = XCConfigurationList;
			buildConfigurations = (
				F7AFCEDB271D5B2700D56A71 /* Debug */,
				F7AFCEDC271D5B2700D56A71 /* Release */,
			);
			defaultConfigurationIsVisible = 0;
			defaultConfigurationName = Release;
		};
/* End XCConfigurationList section */

/* Begin XCVersionGroup section */
		F7AFCEB8271D5B2600D56A71 /* Exfoler.xcdatamodeld */ = {
			isa = XCVersionGroup;
			children = (
				F7AFCEB9271D5B2600D56A71 /* Shared.xcdatamodel */,
			);
			currentVersion = F7AFCEB9271D5B2600D56A71 /* Shared.xcdatamodel */;
			path = Exfoler.xcdatamodeld;
			sourceTree = "<group>";
			versionGroupType = wrapper.xcdatamodel;
		};
/* End XCVersionGroup section */
	};
	rootObject = F7AFCEB3271D5B2500D56A71 /* Project object */;
}
