// !$*UTF8*$!
{
	archiveVersion = 1;
	classes = {
	};
	objectVersion = 55;
	objects = {

/* Begin PBXBuildFile section */
		F718B4E5272C68EB00CD07C7 /* AssetsView.swift in Sources */ = {isa = PBXBuildFile; fileRef = F718B4E4272C68EB00CD07C7 /* AssetsView.swift */; };
		F751F74027328A96004F698A /* TickerInfo.swift in Sources */ = {isa = PBXBuildFile; fileRef = F751F73F27328A96004F698A /* TickerInfo.swift */; };
		F751F74327328F04004F698A /* PolygonAPI+AssetsProvider.swift in Sources */ = {isa = PBXBuildFile; fileRef = F751F74227328F04004F698A /* PolygonAPI+AssetsProvider.swift */; };
		F751F74527328F1A004F698A /* AssetsProvider.swift in Sources */ = {isa = PBXBuildFile; fileRef = F751F74427328F1A004F698A /* AssetsProvider.swift */; };
		F751F7472739397F004F698A /* TickersBackgroundUpdater.swift in Sources */ = {isa = PBXBuildFile; fileRef = F751F7462739397F004F698A /* TickersBackgroundUpdater.swift */; };
		F751F74B273DB48E004F698A /* TickerInfo+ItemProvider.swift in Sources */ = {isa = PBXBuildFile; fileRef = F751F74A273DB48E004F698A /* TickerInfo+ItemProvider.swift */; };
		F751F74D27441CC2004F698A /* Errors.swift in Sources */ = {isa = PBXBuildFile; fileRef = F751F74C27441CC2004F698A /* Errors.swift */; };
		F751F75127476EC1004F698A /* AssetEditor.swift in Sources */ = {isa = PBXBuildFile; fileRef = F751F75027476EC1004F698A /* AssetEditor.swift */; };
		F751F7532750A157004F698A /* Ticker.swift in Sources */ = {isa = PBXBuildFile; fileRef = F751F7522750A157004F698A /* Ticker.swift */; };
		F751F75527549FA4004F698A /* TickersView.swift in Sources */ = {isa = PBXBuildFile; fileRef = F751F75427549FA4004F698A /* TickersView.swift */; };
		F79DEDD027906BF3009D6C92 /* AppDelegate.swift in Sources */ = {isa = PBXBuildFile; fileRef = F79DEDCF27906BF3009D6C92 /* AppDelegate.swift */; };
		F79DEDD227906BF3009D6C92 /* SceneDelegate.swift in Sources */ = {isa = PBXBuildFile; fileRef = F79DEDD127906BF3009D6C92 /* SceneDelegate.swift */; };
		F79DEDD727906BF3009D6C92 /* Main.storyboard in Resources */ = {isa = PBXBuildFile; fileRef = F79DEDD527906BF3009D6C92 /* Main.storyboard */; };
		F79DEDD927906BF3009D6C92 /* Assets.xcassets in Resources */ = {isa = PBXBuildFile; fileRef = F79DEDD827906BF3009D6C92 /* Assets.xcassets */; };
		F79DEDDC27906BF3009D6C92 /* LaunchScreen.storyboard in Resources */ = {isa = PBXBuildFile; fileRef = F79DEDDA27906BF3009D6C92 /* LaunchScreen.storyboard */; };
		F79DEDE227906FC6009D6C92 /* SearchViewController.swift in Sources */ = {isa = PBXBuildFile; fileRef = F79DEDE127906FC6009D6C92 /* SearchViewController.swift */; };
		F7AFCECC271D5B2700D56A71 /* Exfoler.xcdatamodeld in Sources */ = {isa = PBXBuildFile; fileRef = F7AFCEB8271D5B2600D56A71 /* Exfoler.xcdatamodeld */; };
		F7AFCECE271D5B2700D56A71 /* ExfolerApp.swift in Sources */ = {isa = PBXBuildFile; fileRef = F7AFCEBA271D5B2600D56A71 /* ExfolerApp.swift */; };
		F7AFCED0271D5B2700D56A71 /* ContentView.swift in Sources */ = {isa = PBXBuildFile; fileRef = F7AFCEBB271D5B2600D56A71 /* ContentView.swift */; };
		F7AFCED2271D5B2700D56A71 /* Persistence.swift in Sources */ = {isa = PBXBuildFile; fileRef = F7AFCEBC271D5B2600D56A71 /* Persistence.swift */; };
		F7AFCED4271D5B2700D56A71 /* Assets.xcassets in Resources */ = {isa = PBXBuildFile; fileRef = F7AFCEBD271D5B2700D56A71 /* Assets.xcassets */; };
		F7AFCF0E271F23CE00D56A71 /* SearchField.swift in Sources */ = {isa = PBXBuildFile; fileRef = F7AFCEF2271F079F00D56A71 /* SearchField.swift */; };
		F7AFCF10271F593000D56A71 /* SearchResultsView.swift in Sources */ = {isa = PBXBuildFile; fileRef = F7AFCF0F271F593000D56A71 /* SearchResultsView.swift */; };
		F7D0F89F2790733C00FF5A83 /* SearchEngine.swift in Sources */ = {isa = PBXBuildFile; fileRef = F7F2ADC92721BEE500CFBF89 /* SearchEngine.swift */; };
		F7D0F8A1279075F300FF5A83 /* PortfolioListViewController.swift in Sources */ = {isa = PBXBuildFile; fileRef = F7D0F8A0279075F300FF5A83 /* PortfolioListViewController.swift */; };
		F7D0F8AF2790791800FF5A83 /* PolygonAPI.Publisher.swift in Sources */ = {isa = PBXBuildFile; fileRef = F76F3DA2272A9C9900754DEF /* PolygonAPI.Publisher.swift */; };
		F7D0F8B02790791800FF5A83 /* PolygonAPI.Responses.swift in Sources */ = {isa = PBXBuildFile; fileRef = F7AFCEE8271D6D9800D56A71 /* PolygonAPI.Responses.swift */; };
		F7D0F8B12790791800FF5A83 /* PolygonAPI.swift in Sources */ = {isa = PBXBuildFile; fileRef = F7AFCEE4271D659C00D56A71 /* PolygonAPI.swift */; };
		F7D0F8B22790791800FF5A83 /* PolygonAPI.Error.swift in Sources */ = {isa = PBXBuildFile; fileRef = F751F74E27441F86004F698A /* PolygonAPI.Error.swift */; };
		F7E87F1627907981008FC842 /* PolygonAPI.Responses.swift in Sources */ = {isa = PBXBuildFile; fileRef = F7AFCEE8271D6D9800D56A71 /* PolygonAPI.Responses.swift */; };
		F7E87F1727907981008FC842 /* PolygonAPI.Publisher.swift in Sources */ = {isa = PBXBuildFile; fileRef = F76F3DA2272A9C9900754DEF /* PolygonAPI.Publisher.swift */; };
		F7E87F1827907981008FC842 /* PolygonAPI.Error.swift in Sources */ = {isa = PBXBuildFile; fileRef = F751F74E27441F86004F698A /* PolygonAPI.Error.swift */; };
		F7E87F1927907981008FC842 /* PolygonAPI.swift in Sources */ = {isa = PBXBuildFile; fileRef = F7AFCEE4271D659C00D56A71 /* PolygonAPI.swift */; };
		F7E87F1A279079C3008FC842 /* PolygonAPI+AssetsProvider.swift in Sources */ = {isa = PBXBuildFile; fileRef = F751F74227328F04004F698A /* PolygonAPI+AssetsProvider.swift */; };
		F7E87F1B279079C3008FC842 /* AssetsProvider.swift in Sources */ = {isa = PBXBuildFile; fileRef = F751F74427328F1A004F698A /* AssetsProvider.swift */; };
		F7E87F1C279079E6008FC842 /* TickerInfo.swift in Sources */ = {isa = PBXBuildFile; fileRef = F751F73F27328A96004F698A /* TickerInfo.swift */; };
		F7E87F1D27907A19008FC842 /* Errors.swift in Sources */ = {isa = PBXBuildFile; fileRef = F751F74C27441CC2004F698A /* Errors.swift */; };
		F7E87F1E27907A1F008FC842 /* Persistence.swift in Sources */ = {isa = PBXBuildFile; fileRef = F7AFCEBC271D5B2600D56A71 /* Persistence.swift */; };
		F7E87F1F27907A1F008FC842 /* Ticker.swift in Sources */ = {isa = PBXBuildFile; fileRef = F751F7522750A157004F698A /* Ticker.swift */; };
		F7E87F2027907A1F008FC842 /* Asset.swift in Sources */ = {isa = PBXBuildFile; fileRef = F7F2ADC42720126700CFBF89 /* Asset.swift */; };
		F7E87F2127907A1F008FC842 /* Portfolio.swift in Sources */ = {isa = PBXBuildFile; fileRef = F7F2ADC22720111F00CFBF89 /* Portfolio.swift */; };
		F7E87F2327907A6E008FC842 /* Exfoler.xcdatamodeld in Sources */ = {isa = PBXBuildFile; fileRef = F7AFCEB8271D5B2600D56A71 /* Exfoler.xcdatamodeld */; };
		F7E87F252790B997008FC842 /* TickerViewController.swift in Sources */ = {isa = PBXBuildFile; fileRef = F7E87F242790B997008FC842 /* TickerViewController.swift */; };
		F7E87F2727918B99008FC842 /* Utility.swift in Sources */ = {isa = PBXBuildFile; fileRef = F7E87F2627918B99008FC842 /* Utility.swift */; };
		F7E87F2827918B99008FC842 /* Utility.swift in Sources */ = {isa = PBXBuildFile; fileRef = F7E87F2627918B99008FC842 /* Utility.swift */; };
		F7E87F2D279598C4008FC842 /* DataStore.swift in Sources */ = {isa = PBXBuildFile; fileRef = F7E87F2C279598C4008FC842 /* DataStore.swift */; };
		F7E87F2E279598C4008FC842 /* DataStore.swift in Sources */ = {isa = PBXBuildFile; fileRef = F7E87F2C279598C4008FC842 /* DataStore.swift */; };
		F7E87F3027959921008FC842 /* PersistenceController+DataStore.swift in Sources */ = {isa = PBXBuildFile; fileRef = F7E87F2F27959921008FC842 /* PersistenceController+DataStore.swift */; };
		F7E87F3127959921008FC842 /* PersistenceController+DataStore.swift in Sources */ = {isa = PBXBuildFile; fileRef = F7E87F2F27959921008FC842 /* PersistenceController+DataStore.swift */; };
		F7E8E39927305E5E00FD54F6 /* Asset+DragAndDrop.swift in Sources */ = {isa = PBXBuildFile; fileRef = F7E8E39827305E5E00FD54F6 /* Asset+DragAndDrop.swift */; };
		F7F2ADC32720111F00CFBF89 /* Portfolio.swift in Sources */ = {isa = PBXBuildFile; fileRef = F7F2ADC22720111F00CFBF89 /* Portfolio.swift */; };
		F7F2ADC52720126700CFBF89 /* Asset.swift in Sources */ = {isa = PBXBuildFile; fileRef = F7F2ADC42720126700CFBF89 /* Asset.swift */; };
		F7F2ADCA2721BEE500CFBF89 /* SearchEngine.swift in Sources */ = {isa = PBXBuildFile; fileRef = F7F2ADC92721BEE500CFBF89 /* SearchEngine.swift */; };
/* End PBXBuildFile section */

/* Begin PBXContainerItemProxy section */
		F74AC09727327DAA000F6163 /* PBXContainerItemProxy */ = {
			isa = PBXContainerItemProxy;
			containerPortal = F7AFCEB3271D5B2500D56A71 /* Project object */;
			proxyType = 1;
			remoteGlobalIDString = F7AFCEC7271D5B2700D56A71;
			remoteInfo = "Exfoler (macOS)";
		};
/* End PBXContainerItemProxy section */

/* Begin PBXCopyFilesBuildPhase section */
		F74AC0A127327DAA000F6163 /* Embed Frameworks */ = {
			isa = PBXCopyFilesBuildPhase;
			buildActionMask = 2147483647;
			dstPath = "";
			dstSubfolderSpec = 10;
			files = (
			);
			name = "Embed Frameworks";
			runOnlyForDeploymentPostprocessing = 0;
		};
		F7D0F8AE2790772300FF5A83 /* Embed Frameworks */ = {
			isa = PBXCopyFilesBuildPhase;
			buildActionMask = 2147483647;
			dstPath = "";
			dstSubfolderSpec = 10;
			files = (
			);
			name = "Embed Frameworks";
			runOnlyForDeploymentPostprocessing = 0;
		};
/* End PBXCopyFilesBuildPhase section */

/* Begin PBXFileReference section */
		F718B4E4272C68EB00CD07C7 /* AssetsView.swift */ = {isa = PBXFileReference; lastKnownFileType = sourcecode.swift; path = AssetsView.swift; sourceTree = "<group>"; };
		F74AC09327327DAA000F6163 /* PolygonKitTests.xctest */ = {isa = PBXFileReference; explicitFileType = wrapper.cfbundle; includeInIndex = 0; path = PolygonKitTests.xctest; sourceTree = BUILT_PRODUCTS_DIR; };
		F751F73F27328A96004F698A /* TickerInfo.swift */ = {isa = PBXFileReference; lastKnownFileType = sourcecode.swift; path = TickerInfo.swift; sourceTree = "<group>"; };
		F751F74227328F04004F698A /* PolygonAPI+AssetsProvider.swift */ = {isa = PBXFileReference; lastKnownFileType = sourcecode.swift; path = "PolygonAPI+AssetsProvider.swift"; sourceTree = "<group>"; };
		F751F74427328F1A004F698A /* AssetsProvider.swift */ = {isa = PBXFileReference; lastKnownFileType = sourcecode.swift; path = AssetsProvider.swift; sourceTree = "<group>"; };
		F751F7462739397F004F698A /* TickersBackgroundUpdater.swift */ = {isa = PBXFileReference; lastKnownFileType = sourcecode.swift; path = TickersBackgroundUpdater.swift; sourceTree = "<group>"; };
		F751F74A273DB48E004F698A /* TickerInfo+ItemProvider.swift */ = {isa = PBXFileReference; lastKnownFileType = sourcecode.swift; path = "TickerInfo+ItemProvider.swift"; sourceTree = "<group>"; };
		F751F74C27441CC2004F698A /* Errors.swift */ = {isa = PBXFileReference; lastKnownFileType = sourcecode.swift; path = Errors.swift; sourceTree = "<group>"; };
		F751F74E27441F86004F698A /* PolygonAPI.Error.swift */ = {isa = PBXFileReference; lastKnownFileType = sourcecode.swift; path = PolygonAPI.Error.swift; sourceTree = "<group>"; };
		F751F75027476EC1004F698A /* AssetEditor.swift */ = {isa = PBXFileReference; lastKnownFileType = sourcecode.swift; path = AssetEditor.swift; sourceTree = "<group>"; };
		F751F7522750A157004F698A /* Ticker.swift */ = {isa = PBXFileReference; lastKnownFileType = sourcecode.swift; path = Ticker.swift; sourceTree = "<group>"; };
		F751F75427549FA4004F698A /* TickersView.swift */ = {isa = PBXFileReference; lastKnownFileType = sourcecode.swift; path = TickersView.swift; sourceTree = "<group>"; };
		F76F3DA2272A9C9900754DEF /* PolygonAPI.Publisher.swift */ = {isa = PBXFileReference; lastKnownFileType = sourcecode.swift; path = PolygonAPI.Publisher.swift; sourceTree = "<group>"; };
		F79DEDCD27906BF3009D6C92 /* Exfoler (iOS).app */ = {isa = PBXFileReference; explicitFileType = wrapper.application; includeInIndex = 0; path = "Exfoler (iOS).app"; sourceTree = BUILT_PRODUCTS_DIR; };
		F79DEDCF27906BF3009D6C92 /* AppDelegate.swift */ = {isa = PBXFileReference; lastKnownFileType = sourcecode.swift; path = AppDelegate.swift; sourceTree = "<group>"; };
		F79DEDD127906BF3009D6C92 /* SceneDelegate.swift */ = {isa = PBXFileReference; lastKnownFileType = sourcecode.swift; path = SceneDelegate.swift; sourceTree = "<group>"; };
		F79DEDD627906BF3009D6C92 /* Base */ = {isa = PBXFileReference; lastKnownFileType = file.storyboard; name = Base; path = Base.lproj/Main.storyboard; sourceTree = "<group>"; };
		F79DEDD827906BF3009D6C92 /* Assets.xcassets */ = {isa = PBXFileReference; lastKnownFileType = folder.assetcatalog; path = Assets.xcassets; sourceTree = "<group>"; };
		F79DEDDB27906BF3009D6C92 /* Base */ = {isa = PBXFileReference; lastKnownFileType = file.storyboard; name = Base; path = Base.lproj/LaunchScreen.storyboard; sourceTree = "<group>"; };
		F79DEDDD27906BF3009D6C92 /* Info.plist */ = {isa = PBXFileReference; lastKnownFileType = text.plist.xml; path = Info.plist; sourceTree = "<group>"; };
		F79DEDE127906FC6009D6C92 /* SearchViewController.swift */ = {isa = PBXFileReference; lastKnownFileType = sourcecode.swift; path = SearchViewController.swift; sourceTree = "<group>"; };
		F7AFCEB9271D5B2600D56A71 /* Shared.xcdatamodel */ = {isa = PBXFileReference; lastKnownFileType = wrapper.xcdatamodel; path = Shared.xcdatamodel; sourceTree = "<group>"; };
		F7AFCEBA271D5B2600D56A71 /* ExfolerApp.swift */ = {isa = PBXFileReference; lastKnownFileType = sourcecode.swift; path = ExfolerApp.swift; sourceTree = "<group>"; };
		F7AFCEBB271D5B2600D56A71 /* ContentView.swift */ = {isa = PBXFileReference; lastKnownFileType = sourcecode.swift; path = ContentView.swift; sourceTree = "<group>"; };
		F7AFCEBC271D5B2600D56A71 /* Persistence.swift */ = {isa = PBXFileReference; lastKnownFileType = sourcecode.swift; path = Persistence.swift; sourceTree = "<group>"; };
		F7AFCEBD271D5B2700D56A71 /* Assets.xcassets */ = {isa = PBXFileReference; lastKnownFileType = folder.assetcatalog; path = Assets.xcassets; sourceTree = "<group>"; };
		F7AFCEC8271D5B2700D56A71 /* Exfoler.app */ = {isa = PBXFileReference; explicitFileType = wrapper.application; includeInIndex = 0; path = Exfoler.app; sourceTree = BUILT_PRODUCTS_DIR; };
		F7AFCECA271D5B2700D56A71 /* macOS.entitlements */ = {isa = PBXFileReference; lastKnownFileType = text.plist.entitlements; path = macOS.entitlements; sourceTree = "<group>"; };
		F7AFCEE4271D659C00D56A71 /* PolygonAPI.swift */ = {isa = PBXFileReference; lastKnownFileType = sourcecode.swift; path = PolygonAPI.swift; sourceTree = "<group>"; };
		F7AFCEE8271D6D9800D56A71 /* PolygonAPI.Responses.swift */ = {isa = PBXFileReference; lastKnownFileType = sourcecode.swift; path = PolygonAPI.Responses.swift; sourceTree = "<group>"; };
		F7AFCEF2271F079F00D56A71 /* SearchField.swift */ = {isa = PBXFileReference; lastKnownFileType = sourcecode.swift; path = SearchField.swift; sourceTree = "<group>"; };
		F7AFCF0F271F593000D56A71 /* SearchResultsView.swift */ = {isa = PBXFileReference; lastKnownFileType = sourcecode.swift; path = SearchResultsView.swift; sourceTree = "<group>"; };
		F7D0F8A0279075F300FF5A83 /* PortfolioListViewController.swift */ = {isa = PBXFileReference; lastKnownFileType = sourcecode.swift; path = PortfolioListViewController.swift; sourceTree = "<group>"; };
		F7E87F242790B997008FC842 /* TickerViewController.swift */ = {isa = PBXFileReference; lastKnownFileType = sourcecode.swift; path = TickerViewController.swift; sourceTree = "<group>"; };
		F7E87F2627918B99008FC842 /* Utility.swift */ = {isa = PBXFileReference; lastKnownFileType = sourcecode.swift; path = Utility.swift; sourceTree = "<group>"; };
		F7E87F2C279598C4008FC842 /* DataStore.swift */ = {isa = PBXFileReference; lastKnownFileType = sourcecode.swift; path = DataStore.swift; sourceTree = "<group>"; };
		F7E87F2F27959921008FC842 /* PersistenceController+DataStore.swift */ = {isa = PBXFileReference; lastKnownFileType = sourcecode.swift; path = "PersistenceController+DataStore.swift"; sourceTree = "<group>"; };
		F7E8E39827305E5E00FD54F6 /* Asset+DragAndDrop.swift */ = {isa = PBXFileReference; lastKnownFileType = sourcecode.swift; path = "Asset+DragAndDrop.swift"; sourceTree = "<group>"; };
		F7E8E3A22730673F00FD54F6 /* Exfoler--macOS--Info.plist */ = {isa = PBXFileReference; lastKnownFileType = text.plist; path = "Exfoler--macOS--Info.plist"; sourceTree = "<group>"; };
		F7F2ADC22720111F00CFBF89 /* Portfolio.swift */ = {isa = PBXFileReference; lastKnownFileType = sourcecode.swift; path = Portfolio.swift; sourceTree = "<group>"; };
		F7F2ADC42720126700CFBF89 /* Asset.swift */ = {isa = PBXFileReference; lastKnownFileType = sourcecode.swift; path = Asset.swift; sourceTree = "<group>"; };
		F7F2ADC92721BEE500CFBF89 /* SearchEngine.swift */ = {isa = PBXFileReference; lastKnownFileType = sourcecode.swift; path = SearchEngine.swift; sourceTree = "<group>"; };
/* End PBXFileReference section */

/* Begin PBXFrameworksBuildPhase section */
		F74AC09027327DAA000F6163 /* Frameworks */ = {
			isa = PBXFrameworksBuildPhase;
			buildActionMask = 2147483647;
			files = (
			);
			runOnlyForDeploymentPostprocessing = 0;
		};
		F79DEDCA27906BF3009D6C92 /* Frameworks */ = {
			isa = PBXFrameworksBuildPhase;
			buildActionMask = 2147483647;
			files = (
			);
			runOnlyForDeploymentPostprocessing = 0;
		};
		F7AFCEC5271D5B2700D56A71 /* Frameworks */ = {
			isa = PBXFrameworksBuildPhase;
			buildActionMask = 2147483647;
			files = (
			);
			runOnlyForDeploymentPostprocessing = 0;
		};
/* End PBXFrameworksBuildPhase section */

/* Begin PBXGroup section */
		F751F74127328B6A004F698A /* DI */ = {
			isa = PBXGroup;
			children = (
				F751F73F27328A96004F698A /* TickerInfo.swift */,
				F751F74427328F1A004F698A /* AssetsProvider.swift */,
				F751F74227328F04004F698A /* PolygonAPI+AssetsProvider.swift */,
				F7E87F2C279598C4008FC842 /* DataStore.swift */,
				F7E87F2F27959921008FC842 /* PersistenceController+DataStore.swift */,
			);
			path = DI;
			sourceTree = "<group>";
		};
		F79DEDCE27906BF3009D6C92 /* iOS */ = {
			isa = PBXGroup;
			children = (
				F79DEDCF27906BF3009D6C92 /* AppDelegate.swift */,
				F79DEDD127906BF3009D6C92 /* SceneDelegate.swift */,
				F79DEDE127906FC6009D6C92 /* SearchViewController.swift */,
				F7E87F242790B997008FC842 /* TickerViewController.swift */,
				F7D0F8A0279075F300FF5A83 /* PortfolioListViewController.swift */,
				F79DEDD527906BF3009D6C92 /* Main.storyboard */,
				F79DEDDA27906BF3009D6C92 /* LaunchScreen.storyboard */,
				F79DEDDD27906BF3009D6C92 /* Info.plist */,
				F79DEDD827906BF3009D6C92 /* Assets.xcassets */,
			);
			path = iOS;
			sourceTree = "<group>";
		};
		F7AFCEB2271D5B2500D56A71 = {
			isa = PBXGroup;
			children = (
				F7E8E3A22730673F00FD54F6 /* Exfoler--macOS--Info.plist */,
				F7AFCEB7271D5B2600D56A71 /* Shared */,
				F79DEDCE27906BF3009D6C92 /* iOS */,
				F7AFCEC9271D5B2700D56A71 /* macOS */,
				F7AFCEC3271D5B2700D56A71 /* Products */,
			);
			sourceTree = "<group>";
		};
		F7AFCEB7271D5B2600D56A71 /* Shared */ = {
			isa = PBXGroup;
			children = (
				F751F74127328B6A004F698A /* DI */,
				F7AFCEE7271D65A100D56A71 /* Model */,
				F7E87F152790793F008FC842 /* PolygonAPI */,
				F7F2ADCB2721BF1100CFBF89 /* ModelView */,
				F7E87F2627918B99008FC842 /* Utility.swift */,
				F7AFCEB8271D5B2600D56A71 /* Exfoler.xcdatamodeld */,
			);
			path = Shared;
			sourceTree = "<group>";
		};
		F7AFCEC3271D5B2700D56A71 /* Products */ = {
			isa = PBXGroup;
			children = (
				F7AFCEC8271D5B2700D56A71 /* Exfoler.app */,
				F74AC09327327DAA000F6163 /* PolygonKitTests.xctest */,
				F79DEDCD27906BF3009D6C92 /* Exfoler (iOS).app */,
			);
			name = Products;
			sourceTree = "<group>";
		};
		F7AFCEC9271D5B2700D56A71 /* macOS */ = {
			isa = PBXGroup;
			children = (
				F7AFCEBA271D5B2600D56A71 /* ExfolerApp.swift */,
				F7AFCEBB271D5B2600D56A71 /* ContentView.swift */,
				F7AFCEF5271F104C00D56A71 /* Views */,
				F751F74A273DB48E004F698A /* TickerInfo+ItemProvider.swift */,
				F7E8E39827305E5E00FD54F6 /* Asset+DragAndDrop.swift */,
				F7AFCEBD271D5B2700D56A71 /* Assets.xcassets */,
				F7AFCECA271D5B2700D56A71 /* macOS.entitlements */,
			);
			path = macOS;
			sourceTree = "<group>";
		};
		F7AFCEE7271D65A100D56A71 /* Model */ = {
			isa = PBXGroup;
			children = (
				F7F2ADC42720126700CFBF89 /* Asset.swift */,
				F751F7522750A157004F698A /* Ticker.swift */,
				F7F2ADC22720111F00CFBF89 /* Portfolio.swift */,
				F7AFCEBC271D5B2600D56A71 /* Persistence.swift */,
				F751F74C27441CC2004F698A /* Errors.swift */,
			);
			path = Model;
			sourceTree = "<group>";
		};
		F7AFCEF5271F104C00D56A71 /* Views */ = {
			isa = PBXGroup;
			children = (
				F7F2ADC8272076C100CFBF89 /* AppKit */,
				F7AFCF0F271F593000D56A71 /* SearchResultsView.swift */,
				F718B4E4272C68EB00CD07C7 /* AssetsView.swift */,
				F751F75027476EC1004F698A /* AssetEditor.swift */,
				F751F75427549FA4004F698A /* TickersView.swift */,
			);
			path = Views;
			sourceTree = "<group>";
		};
		F7E87F152790793F008FC842 /* PolygonAPI */ = {
			isa = PBXGroup;
			children = (
				F7AFCEE4271D659C00D56A71 /* PolygonAPI.swift */,
				F7AFCEE8271D6D9800D56A71 /* PolygonAPI.Responses.swift */,
				F76F3DA2272A9C9900754DEF /* PolygonAPI.Publisher.swift */,
				F751F74E27441F86004F698A /* PolygonAPI.Error.swift */,
			);
			path = PolygonAPI;
			sourceTree = "<group>";
		};
		F7F2ADC8272076C100CFBF89 /* AppKit */ = {
			isa = PBXGroup;
			children = (
				F7AFCEF2271F079F00D56A71 /* SearchField.swift */,
			);
			path = AppKit;
			sourceTree = "<group>";
		};
		F7F2ADCB2721BF1100CFBF89 /* ModelView */ = {
			isa = PBXGroup;
			children = (
				F7F2ADC92721BEE500CFBF89 /* SearchEngine.swift */,
				F751F7462739397F004F698A /* TickersBackgroundUpdater.swift */,
			);
			path = ModelView;
			sourceTree = "<group>";
		};
/* End PBXGroup section */

/* Begin PBXNativeTarget section */
		F74AC09227327DAA000F6163 /* PolygonKitTests */ = {
			isa = PBXNativeTarget;
			buildConfigurationList = F74AC0A727327DAA000F6163 /* Build configuration list for PBXNativeTarget "PolygonKitTests" */;
			buildPhases = (
				F74AC08F27327DAA000F6163 /* Sources */,
				F74AC09027327DAA000F6163 /* Frameworks */,
				F74AC09127327DAA000F6163 /* Resources */,
			);
			buildRules = (
			);
			dependencies = (
				F74AC09827327DAA000F6163 /* PBXTargetDependency */,
			);
			name = PolygonKitTests;
			productName = PolygonKitTests;
			productReference = F74AC09327327DAA000F6163 /* PolygonKitTests.xctest */;
			productType = "com.apple.product-type.bundle.unit-test";
		};
		F79DEDCC27906BF3009D6C92 /* Exfoler (iOS) */ = {
			isa = PBXNativeTarget;
			buildConfigurationList = F79DEDE027906BF3009D6C92 /* Build configuration list for PBXNativeTarget "Exfoler (iOS)" */;
			buildPhases = (
				F79DEDC927906BF3009D6C92 /* Sources */,
				F79DEDCA27906BF3009D6C92 /* Frameworks */,
				F79DEDCB27906BF3009D6C92 /* Resources */,
				F7D0F8AE2790772300FF5A83 /* Embed Frameworks */,
			);
			buildRules = (
			);
			dependencies = (
			);
			name = "Exfoler (iOS)";
			productName = iOS;
			productReference = F79DEDCD27906BF3009D6C92 /* Exfoler (iOS).app */;
			productType = "com.apple.product-type.application";
		};
		F7AFCEC7271D5B2700D56A71 /* Exfoler (macOS) */ = {
			isa = PBXNativeTarget;
			buildConfigurationList = F7AFCEDA271D5B2700D56A71 /* Build configuration list for PBXNativeTarget "Exfoler (macOS)" */;
			buildPhases = (
				F7AFCEC4271D5B2700D56A71 /* Sources */,
				F7AFCEC5271D5B2700D56A71 /* Frameworks */,
				F7AFCEC6271D5B2700D56A71 /* Resources */,
				F74AC0A127327DAA000F6163 /* Embed Frameworks */,
			);
			buildRules = (
			);
			dependencies = (
			);
			name = "Exfoler (macOS)";
			productName = "Exfoler (macOS)";
			productReference = F7AFCEC8271D5B2700D56A71 /* Exfoler.app */;
			productType = "com.apple.product-type.application";
		};
/* End PBXNativeTarget section */

/* Begin PBXProject section */
		F7AFCEB3271D5B2500D56A71 /* Project object */ = {
			isa = PBXProject;
			attributes = {
				BuildIndependentTargetsInParallel = 1;
				LastSwiftUpdateCheck = 1320;
				LastUpgradeCheck = 1310;
				TargetAttributes = {
					F74AC09227327DAA000F6163 = {
						CreatedOnToolsVersion = 13.1;
						TestTargetID = F7AFCEC7271D5B2700D56A71;
					};
					F79DEDCC27906BF3009D6C92 = {
						CreatedOnToolsVersion = 13.2.1;
					};
					F7AFCEC7271D5B2700D56A71 = {
						CreatedOnToolsVersion = 13.0;
					};
				};
			};
			buildConfigurationList = F7AFCEB6271D5B2500D56A71 /* Build configuration list for PBXProject "Exfoler" */;
			compatibilityVersion = "Xcode 13.0";
			developmentRegion = en;
			hasScannedForEncodings = 0;
			knownRegions = (
				en,
				Base,
			);
			mainGroup = F7AFCEB2271D5B2500D56A71;
			productRefGroup = F7AFCEC3271D5B2700D56A71 /* Products */;
			projectDirPath = "";
			projectRoot = "";
			targets = (
				F7AFCEC7271D5B2700D56A71 /* Exfoler (macOS) */,
				F79DEDCC27906BF3009D6C92 /* Exfoler (iOS) */,
				F74AC09227327DAA000F6163 /* PolygonKitTests */,
			);
		};
/* End PBXProject section */

/* Begin PBXResourcesBuildPhase section */
		F74AC09127327DAA000F6163 /* Resources */ = {
			isa = PBXResourcesBuildPhase;
			buildActionMask = 2147483647;
			files = (
			);
			runOnlyForDeploymentPostprocessing = 0;
		};
		F79DEDCB27906BF3009D6C92 /* Resources */ = {
			isa = PBXResourcesBuildPhase;
			buildActionMask = 2147483647;
			files = (
				F79DEDDC27906BF3009D6C92 /* LaunchScreen.storyboard in Resources */,
				F79DEDD927906BF3009D6C92 /* Assets.xcassets in Resources */,
				F79DEDD727906BF3009D6C92 /* Main.storyboard in Resources */,
			);
			runOnlyForDeploymentPostprocessing = 0;
		};
		F7AFCEC6271D5B2700D56A71 /* Resources */ = {
			isa = PBXResourcesBuildPhase;
			buildActionMask = 2147483647;
			files = (
				F7AFCED4271D5B2700D56A71 /* Assets.xcassets in Resources */,
			);
			runOnlyForDeploymentPostprocessing = 0;
		};
/* End PBXResourcesBuildPhase section */

/* Begin PBXSourcesBuildPhase section */
		F74AC08F27327DAA000F6163 /* Sources */ = {
			isa = PBXSourcesBuildPhase;
			buildActionMask = 2147483647;
			files = (
			);
			runOnlyForDeploymentPostprocessing = 0;
		};
		F79DEDC927906BF3009D6C92 /* Sources */ = {
			isa = PBXSourcesBuildPhase;
			buildActionMask = 2147483647;
			files = (
				F7E87F2827918B99008FC842 /* Utility.swift in Sources */,
				F7D0F89F2790733C00FF5A83 /* SearchEngine.swift in Sources */,
				F7E87F1B279079C3008FC842 /* AssetsProvider.swift in Sources */,
				F7E87F1927907981008FC842 /* PolygonAPI.swift in Sources */,
				F7E87F1C279079E6008FC842 /* TickerInfo.swift in Sources */,
				F7E87F1827907981008FC842 /* PolygonAPI.Error.swift in Sources */,
				F7D0F8A1279075F300FF5A83 /* PortfolioListViewController.swift in Sources */,
				F7E87F1D27907A19008FC842 /* Errors.swift in Sources */,
				F7E87F252790B997008FC842 /* TickerViewController.swift in Sources */,
				F7E87F1A279079C3008FC842 /* PolygonAPI+AssetsProvider.swift in Sources */,
				F7E87F1F27907A1F008FC842 /* Ticker.swift in Sources */,
				F7E87F1E27907A1F008FC842 /* Persistence.swift in Sources */,
				F7E87F2027907A1F008FC842 /* Asset.swift in Sources */,
				F7E87F2327907A6E008FC842 /* Exfoler.xcdatamodeld in Sources */,
				F7E87F2127907A1F008FC842 /* Portfolio.swift in Sources */,
				F7E87F2E279598C4008FC842 /* DataStore.swift in Sources */,
				F7E87F1727907981008FC842 /* PolygonAPI.Publisher.swift in Sources */,
				F79DEDD027906BF3009D6C92 /* AppDelegate.swift in Sources */,
				F7E87F3127959921008FC842 /* PersistenceController+DataStore.swift in Sources */,
				F79DEDE227906FC6009D6C92 /* SearchViewController.swift in Sources */,
				F7E87F1627907981008FC842 /* PolygonAPI.Responses.swift in Sources */,
				F79DEDD227906BF3009D6C92 /* SceneDelegate.swift in Sources */,
			);
			runOnlyForDeploymentPostprocessing = 0;
		};
		F7AFCEC4271D5B2700D56A71 /* Sources */ = {
			isa = PBXSourcesBuildPhase;
			buildActionMask = 2147483647;
			files = (
				F751F75527549FA4004F698A /* TickersView.swift in Sources */,
				F751F74327328F04004F698A /* PolygonAPI+AssetsProvider.swift in Sources */,
				F7E8E39927305E5E00FD54F6 /* Asset+DragAndDrop.swift in Sources */,
				F7F2ADC32720111F00CFBF89 /* Portfolio.swift in Sources */,
				F751F74027328A96004F698A /* TickerInfo.swift in Sources */,
				F751F7472739397F004F698A /* TickersBackgroundUpdater.swift in Sources */,
				F751F75127476EC1004F698A /* AssetEditor.swift in Sources */,
				F7E87F2D279598C4008FC842 /* DataStore.swift in Sources */,
				F7F2ADC52720126700CFBF89 /* Asset.swift in Sources */,
				F751F7532750A157004F698A /* Ticker.swift in Sources */,
				F7F2ADCA2721BEE500CFBF89 /* SearchEngine.swift in Sources */,
				F7E87F2727918B99008FC842 /* Utility.swift in Sources */,
				F7AFCECC271D5B2700D56A71 /* Exfoler.xcdatamodeld in Sources */,
				F7D0F8B02790791800FF5A83 /* PolygonAPI.Responses.swift in Sources */,
				F751F74B273DB48E004F698A /* TickerInfo+ItemProvider.swift in Sources */,
				F7D0F8AF2790791800FF5A83 /* PolygonAPI.Publisher.swift in Sources */,
				F7AFCED2271D5B2700D56A71 /* Persistence.swift in Sources */,
				F7D0F8B12790791800FF5A83 /* PolygonAPI.swift in Sources */,
				F7AFCECE271D5B2700D56A71 /* ExfolerApp.swift in Sources */,
				F718B4E5272C68EB00CD07C7 /* AssetsView.swift in Sources */,
				F7AFCF10271F593000D56A71 /* SearchResultsView.swift in Sources */,
				F7D0F8B22790791800FF5A83 /* PolygonAPI.Error.swift in Sources */,
				F751F74D27441CC2004F698A /* Errors.swift in Sources */,
				F7AFCF0E271F23CE00D56A71 /* SearchField.swift in Sources */,
				F7AFCED0271D5B2700D56A71 /* ContentView.swift in Sources */,
				F751F74527328F1A004F698A /* AssetsProvider.swift in Sources */,
				F7E87F3027959921008FC842 /* PersistenceController+DataStore.swift in Sources */,
			);
			runOnlyForDeploymentPostprocessing = 0;
		};
/* End PBXSourcesBuildPhase section */

/* Begin PBXTargetDependency section */
		F74AC09827327DAA000F6163 /* PBXTargetDependency */ = {
			isa = PBXTargetDependency;
			target = F7AFCEC7271D5B2700D56A71 /* Exfoler (macOS) */;
			targetProxy = F74AC09727327DAA000F6163 /* PBXContainerItemProxy */;
		};
/* End PBXTargetDependency section */

/* Begin PBXVariantGroup section */
		F79DEDD527906BF3009D6C92 /* Main.storyboard */ = {
			isa = PBXVariantGroup;
			children = (
				F79DEDD627906BF3009D6C92 /* Base */,
			);
			name = Main.storyboard;
			sourceTree = "<group>";
		};
		F79DEDDA27906BF3009D6C92 /* LaunchScreen.storyboard */ = {
			isa = PBXVariantGroup;
			children = (
				F79DEDDB27906BF3009D6C92 /* Base */,
			);
			name = LaunchScreen.storyboard;
			sourceTree = "<group>";
		};
/* End PBXVariantGroup section */

/* Begin XCBuildConfiguration section */
		F74AC0A427327DAA000F6163 /* Debug */ = {
			isa = XCBuildConfiguration;
			buildSettings = {
				CODE_SIGN_STYLE = Automatic;
				COMBINE_HIDPI_IMAGES = YES;
				CURRENT_PROJECT_VERSION = 1;
				DEVELOPMENT_TEAM = J4AL2MH8ZC;
				GENERATE_INFOPLIST_FILE = YES;
				LD_RUNPATH_SEARCH_PATHS = (
					"$(inherited)",
					"@executable_path/../Frameworks",
					"@loader_path/../Frameworks",
				);
				MACOSX_DEPLOYMENT_TARGET = 12.0;
				MARKETING_VERSION = 1.0;
				PRODUCT_BUNDLE_IDENTIFIER = "Grigory-Krivyakin.PolygonKitTests";
				PRODUCT_NAME = "$(TARGET_NAME)";
				SDKROOT = macosx;
				SWIFT_EMIT_LOC_STRINGS = NO;
				SWIFT_VERSION = 5.0;
				TEST_HOST = "$(BUILT_PRODUCTS_DIR)/Exfoler.app/Contents/MacOS/Exfoler";
			};
			name = Debug;
		};
		F74AC0A527327DAA000F6163 /* Release */ = {
			isa = XCBuildConfiguration;
			buildSettings = {
				CODE_SIGN_STYLE = Automatic;
				COMBINE_HIDPI_IMAGES = YES;
				CURRENT_PROJECT_VERSION = 1;
				DEVELOPMENT_TEAM = J4AL2MH8ZC;
				GENERATE_INFOPLIST_FILE = YES;
				LD_RUNPATH_SEARCH_PATHS = (
					"$(inherited)",
					"@executable_path/../Frameworks",
					"@loader_path/../Frameworks",
				);
				MACOSX_DEPLOYMENT_TARGET = 12.0;
				MARKETING_VERSION = 1.0;
				PRODUCT_BUNDLE_IDENTIFIER = "Grigory-Krivyakin.PolygonKitTests";
				PRODUCT_NAME = "$(TARGET_NAME)";
				SDKROOT = macosx;
				SWIFT_EMIT_LOC_STRINGS = NO;
				SWIFT_VERSION = 5.0;
				TEST_HOST = "$(BUILT_PRODUCTS_DIR)/Exfoler.app/Contents/MacOS/Exfoler";
			};
			name = Release;
		};
		F79DEDDE27906BF3009D6C92 /* Debug */ = {
			isa = XCBuildConfiguration;
			buildSettings = {
				ASSETCATALOG_COMPILER_APPICON_NAME = AppIcon;
				ASSETCATALOG_COMPILER_GLOBAL_ACCENT_COLOR_NAME = AccentColor;
				CODE_SIGN_STYLE = Automatic;
				CURRENT_PROJECT_VERSION = 1;
				DEVELOPMENT_TEAM = J4AL2MH8ZC;
				GENERATE_INFOPLIST_FILE = YES;
				INFOPLIST_FILE = iOS/Info.plist;
				INFOPLIST_KEY_CFBundleDisplayName = "Exfoler (iOS)";
				INFOPLIST_KEY_UIApplicationSupportsIndirectInputEvents = YES;
				INFOPLIST_KEY_UILaunchStoryboardName = LaunchScreen;
				INFOPLIST_KEY_UIMainStoryboardFile = Main;
				INFOPLIST_KEY_UISupportedInterfaceOrientations_iPad = "UIInterfaceOrientationPortrait UIInterfaceOrientationPortraitUpsideDown UIInterfaceOrientationLandscapeLeft UIInterfaceOrientationLandscapeRight";
				INFOPLIST_KEY_UISupportedInterfaceOrientations_iPhone = "UIInterfaceOrientationPortrait UIInterfaceOrientationLandscapeLeft UIInterfaceOrientationLandscapeRight";
				IPHONEOS_DEPLOYMENT_TARGET = 15.2;
				LD_RUNPATH_SEARCH_PATHS = (
					"$(inherited)",
					"@executable_path/Frameworks",
				);
				MARKETING_VERSION = 1.0;
				PRODUCT_BUNDLE_IDENTIFIER = "Grigory-Krivyakin.iOS";
				PRODUCT_NAME = "$(TARGET_NAME)";
				SDKROOT = iphoneos;
				SWIFT_EMIT_LOC_STRINGS = YES;
				SWIFT_VERSION = 5.0;
				TARGETED_DEVICE_FAMILY = "1,2";
			};
			name = Debug;
		};
		F79DEDDF27906BF3009D6C92 /* Release */ = {
			isa = XCBuildConfiguration;
			buildSettings = {
				ASSETCATALOG_COMPILER_APPICON_NAME = AppIcon;
				ASSETCATALOG_COMPILER_GLOBAL_ACCENT_COLOR_NAME = AccentColor;
				CODE_SIGN_STYLE = Automatic;
				CURRENT_PROJECT_VERSION = 1;
				DEVELOPMENT_TEAM = J4AL2MH8ZC;
				GENERATE_INFOPLIST_FILE = YES;
				INFOPLIST_FILE = iOS/Info.plist;
				INFOPLIST_KEY_CFBundleDisplayName = "Exfoler (iOS)";
				INFOPLIST_KEY_UIApplicationSupportsIndirectInputEvents = YES;
				INFOPLIST_KEY_UILaunchStoryboardName = LaunchScreen;
				INFOPLIST_KEY_UIMainStoryboardFile = Main;
				INFOPLIST_KEY_UISupportedInterfaceOrientations_iPad = "UIInterfaceOrientationPortrait UIInterfaceOrientationPortraitUpsideDown UIInterfaceOrientationLandscapeLeft UIInterfaceOrientationLandscapeRight";
				INFOPLIST_KEY_UISupportedInterfaceOrientations_iPhone = "UIInterfaceOrientationPortrait UIInterfaceOrientationLandscapeLeft UIInterfaceOrientationLandscapeRight";
				IPHONEOS_DEPLOYMENT_TARGET = 15.2;
				LD_RUNPATH_SEARCH_PATHS = (
					"$(inherited)",
					"@executable_path/Frameworks",
				);
				MARKETING_VERSION = 1.0;
				PRODUCT_BUNDLE_IDENTIFIER = "Grigory-Krivyakin.iOS";
				PRODUCT_NAME = "$(TARGET_NAME)";
				SDKROOT = iphoneos;
				SWIFT_EMIT_LOC_STRINGS = YES;
				SWIFT_VERSION = 5.0;
				TARGETED_DEVICE_FAMILY = "1,2";
				VALIDATE_PRODUCT = YES;
			};
			name = Release;
		};
		F7AFCED5271D5B2700D56A71 /* Debug */ = {
			isa = XCBuildConfiguration;
			buildSettings = {
				ALWAYS_SEARCH_USER_PATHS = NO;
				CLANG_ANALYZER_NONNULL = YES;
				CLANG_ANALYZER_NUMBER_OBJECT_CONVERSION = YES_AGGRESSIVE;
				CLANG_CXX_LANGUAGE_STANDARD = "gnu++17";
				CLANG_CXX_LIBRARY = "libc++";
				CLANG_ENABLE_MODULES = YES;
				CLANG_ENABLE_OBJC_ARC = YES;
				CLANG_ENABLE_OBJC_WEAK = YES;
				CLANG_WARN_BLOCK_CAPTURE_AUTORELEASING = YES;
				CLANG_WARN_BOOL_CONVERSION = YES;
				CLANG_WARN_COMMA = YES;
				CLANG_WARN_CONSTANT_CONVERSION = YES;
				CLANG_WARN_DEPRECATED_OBJC_IMPLEMENTATIONS = YES;
				CLANG_WARN_DIRECT_OBJC_ISA_USAGE = YES_ERROR;
				CLANG_WARN_DOCUMENTATION_COMMENTS = YES;
				CLANG_WARN_EMPTY_BODY = YES;
				CLANG_WARN_ENUM_CONVERSION = YES;
				CLANG_WARN_INFINITE_RECURSION = YES;
				CLANG_WARN_INT_CONVERSION = YES;
				CLANG_WARN_NON_LITERAL_NULL_CONVERSION = YES;
				CLANG_WARN_OBJC_IMPLICIT_RETAIN_SELF = YES;
				CLANG_WARN_OBJC_LITERAL_CONVERSION = YES;
				CLANG_WARN_OBJC_ROOT_CLASS = YES_ERROR;
				CLANG_WARN_QUOTED_INCLUDE_IN_FRAMEWORK_HEADER = YES;
				CLANG_WARN_RANGE_LOOP_ANALYSIS = YES;
				CLANG_WARN_STRICT_PROTOTYPES = YES;
				CLANG_WARN_SUSPICIOUS_MOVE = YES;
				CLANG_WARN_UNGUARDED_AVAILABILITY = YES_AGGRESSIVE;
				CLANG_WARN_UNREACHABLE_CODE = YES;
				CLANG_WARN__DUPLICATE_METHOD_MATCH = YES;
				COPY_PHASE_STRIP = NO;
				DEBUG_INFORMATION_FORMAT = dwarf;
				ENABLE_STRICT_OBJC_MSGSEND = YES;
				ENABLE_TESTABILITY = YES;
				GCC_C_LANGUAGE_STANDARD = gnu11;
				GCC_DYNAMIC_NO_PIC = NO;
				GCC_NO_COMMON_BLOCKS = YES;
				GCC_OPTIMIZATION_LEVEL = 0;
				GCC_PREPROCESSOR_DEFINITIONS = (
					"DEBUG=1",
					"$(inherited)",
				);
				GCC_WARN_64_TO_32_BIT_CONVERSION = YES;
				GCC_WARN_ABOUT_RETURN_TYPE = YES_ERROR;
				GCC_WARN_UNDECLARED_SELECTOR = YES;
				GCC_WARN_UNINITIALIZED_AUTOS = YES_AGGRESSIVE;
				GCC_WARN_UNUSED_FUNCTION = YES;
				GCC_WARN_UNUSED_VARIABLE = YES;
				MTL_ENABLE_DEBUG_INFO = INCLUDE_SOURCE;
				MTL_FAST_MATH = YES;
				ONLY_ACTIVE_ARCH = YES;
				SWIFT_ACTIVE_COMPILATION_CONDITIONS = DEBUG;
				SWIFT_OPTIMIZATION_LEVEL = "-Onone";
			};
			name = Debug;
		};
		F7AFCED6271D5B2700D56A71 /* Release */ = {
			isa = XCBuildConfiguration;
			buildSettings = {
				ALWAYS_SEARCH_USER_PATHS = NO;
				CLANG_ANALYZER_NONNULL = YES;
				CLANG_ANALYZER_NUMBER_OBJECT_CONVERSION = YES_AGGRESSIVE;
				CLANG_CXX_LANGUAGE_STANDARD = "gnu++17";
				CLANG_CXX_LIBRARY = "libc++";
				CLANG_ENABLE_MODULES = YES;
				CLANG_ENABLE_OBJC_ARC = YES;
				CLANG_ENABLE_OBJC_WEAK = YES;
				CLANG_WARN_BLOCK_CAPTURE_AUTORELEASING = YES;
				CLANG_WARN_BOOL_CONVERSION = YES;
				CLANG_WARN_COMMA = YES;
				CLANG_WARN_CONSTANT_CONVERSION = YES;
				CLANG_WARN_DEPRECATED_OBJC_IMPLEMENTATIONS = YES;
				CLANG_WARN_DIRECT_OBJC_ISA_USAGE = YES_ERROR;
				CLANG_WARN_DOCUMENTATION_COMMENTS = YES;
				CLANG_WARN_EMPTY_BODY = YES;
				CLANG_WARN_ENUM_CONVERSION = YES;
				CLANG_WARN_INFINITE_RECURSION = YES;
				CLANG_WARN_INT_CONVERSION = YES;
				CLANG_WARN_NON_LITERAL_NULL_CONVERSION = YES;
				CLANG_WARN_OBJC_IMPLICIT_RETAIN_SELF = YES;
				CLANG_WARN_OBJC_LITERAL_CONVERSION = YES;
				CLANG_WARN_OBJC_ROOT_CLASS = YES_ERROR;
				CLANG_WARN_QUOTED_INCLUDE_IN_FRAMEWORK_HEADER = YES;
				CLANG_WARN_RANGE_LOOP_ANALYSIS = YES;
				CLANG_WARN_STRICT_PROTOTYPES = YES;
				CLANG_WARN_SUSPICIOUS_MOVE = YES;
				CLANG_WARN_UNGUARDED_AVAILABILITY = YES_AGGRESSIVE;
				CLANG_WARN_UNREACHABLE_CODE = YES;
				CLANG_WARN__DUPLICATE_METHOD_MATCH = YES;
				COPY_PHASE_STRIP = NO;
				DEBUG_INFORMATION_FORMAT = "dwarf-with-dsym";
				ENABLE_NS_ASSERTIONS = NO;
				ENABLE_STRICT_OBJC_MSGSEND = YES;
				GCC_C_LANGUAGE_STANDARD = gnu11;
				GCC_NO_COMMON_BLOCKS = YES;
				GCC_WARN_64_TO_32_BIT_CONVERSION = YES;
				GCC_WARN_ABOUT_RETURN_TYPE = YES_ERROR;
				GCC_WARN_UNDECLARED_SELECTOR = YES;
				GCC_WARN_UNINITIALIZED_AUTOS = YES_AGGRESSIVE;
				GCC_WARN_UNUSED_FUNCTION = YES;
				GCC_WARN_UNUSED_VARIABLE = YES;
				MTL_ENABLE_DEBUG_INFO = NO;
				MTL_FAST_MATH = YES;
				SWIFT_COMPILATION_MODE = wholemodule;
				SWIFT_OPTIMIZATION_LEVEL = "-O";
			};
			name = Release;
		};
		F7AFCEDB271D5B2700D56A71 /* Debug */ = {
			isa = XCBuildConfiguration;
			buildSettings = {
				ASSETCATALOG_COMPILER_APPICON_NAME = AppIcon;
				ASSETCATALOG_COMPILER_GLOBAL_ACCENT_COLOR_NAME = AccentColor;
				CODE_SIGN_ENTITLEMENTS = macOS/macOS.entitlements;
				CODE_SIGN_IDENTITY = "Apple Development";
				CODE_SIGN_STYLE = Automatic;
				COMBINE_HIDPI_IMAGES = YES;
				CURRENT_PROJECT_VERSION = 1;
				DEVELOPMENT_TEAM = J4AL2MH8ZC;
				ENABLE_HARDENED_RUNTIME = YES;
				ENABLE_PREVIEWS = YES;
				GENERATE_INFOPLIST_FILE = YES;
				INFOPLIST_FILE = "Exfoler--macOS--Info.plist";
				INFOPLIST_KEY_NSHumanReadableCopyright = "";
				LD_RUNPATH_SEARCH_PATHS = (
					"$(inherited)",
					"@executable_path/../Frameworks",
				);
				MACOSX_DEPLOYMENT_TARGET = 12.0;
				MARKETING_VERSION = 1.0;
				PRODUCT_BUNDLE_IDENTIFIER = "Grigory-Krivyakin.Exfoler.macos";
				PRODUCT_NAME = Exfoler;
				SDKROOT = macosx;
				SWIFT_EMIT_LOC_STRINGS = YES;
				SWIFT_VERSION = 5.0;
			};
			name = Debug;
		};
		F7AFCEDC271D5B2700D56A71 /* Release */ = {
			isa = XCBuildConfiguration;
			buildSettings = {
				ASSETCATALOG_COMPILER_APPICON_NAME = AppIcon;
				ASSETCATALOG_COMPILER_GLOBAL_ACCENT_COLOR_NAME = AccentColor;
				CODE_SIGN_ENTITLEMENTS = macOS/macOS.entitlements;
				CODE_SIGN_IDENTITY = "-";
				CODE_SIGN_STYLE = Automatic;
				COMBINE_HIDPI_IMAGES = YES;
				CURRENT_PROJECT_VERSION = 1;
				DEVELOPMENT_TEAM = J4AL2MH8ZC;
				ENABLE_HARDENED_RUNTIME = YES;
				ENABLE_PREVIEWS = YES;
				GENERATE_INFOPLIST_FILE = YES;
				INFOPLIST_FILE = "Exfoler--macOS--Info.plist";
				INFOPLIST_KEY_NSHumanReadableCopyright = "";
				LD_RUNPATH_SEARCH_PATHS = (
					"$(inherited)",
					"@executable_path/../Frameworks",
				);
				MACOSX_DEPLOYMENT_TARGET = 12.0;
				MARKETING_VERSION = 1.0;
				PRODUCT_BUNDLE_IDENTIFIER = "Grigory-Krivyakin.Exfoler.macos";
				PRODUCT_NAME = Exfoler;
				SDKROOT = macosx;
				SWIFT_EMIT_LOC_STRINGS = YES;
				SWIFT_VERSION = 5.0;
			};
			name = Release;
		};
/* End XCBuildConfiguration section */

/* Begin XCConfigurationList section */
		F74AC0A727327DAA000F6163 /* Build configuration list for PBXNativeTarget "PolygonKitTests" */ = {
			isa = XCConfigurationList;
			buildConfigurations = (
				F74AC0A427327DAA000F6163 /* Debug */,
				F74AC0A527327DAA000F6163 /* Release */,
			);
			defaultConfigurationIsVisible = 0;
			defaultConfigurationName = Release;
		};
		F79DEDE027906BF3009D6C92 /* Build configuration list for PBXNativeTarget "Exfoler (iOS)" */ = {
			isa = XCConfigurationList;
			buildConfigurations = (
				F79DEDDE27906BF3009D6C92 /* Debug */,
				F79DEDDF27906BF3009D6C92 /* Release */,
			);
			defaultConfigurationIsVisible = 0;
			defaultConfigurationName = Release;
		};
		F7AFCEB6271D5B2500D56A71 /* Build configuration list for PBXProject "Exfoler" */ = {
			isa = XCConfigurationList;
			buildConfigurations = (
				F7AFCED5271D5B2700D56A71 /* Debug */,
				F7AFCED6271D5B2700D56A71 /* Release */,
			);
			defaultConfigurationIsVisible = 0;
			defaultConfigurationName = Release;
		};
		F7AFCEDA271D5B2700D56A71 /* Build configuration list for PBXNativeTarget "Exfoler (macOS)" */ = {
			isa = XCConfigurationList;
			buildConfigurations = (
				F7AFCEDB271D5B2700D56A71 /* Debug */,
				F7AFCEDC271D5B2700D56A71 /* Release */,
			);
			defaultConfigurationIsVisible = 0;
			defaultConfigurationName = Release;
		};
/* End XCConfigurationList section */

/* Begin XCVersionGroup section */
		F7AFCEB8271D5B2600D56A71 /* Exfoler.xcdatamodeld */ = {
			isa = XCVersionGroup;
			children = (
				F7AFCEB9271D5B2600D56A71 /* Shared.xcdatamodel */,
			);
			currentVersion = F7AFCEB9271D5B2600D56A71 /* Shared.xcdatamodel */;
			path = Exfoler.xcdatamodeld;
			sourceTree = "<group>";
			versionGroupType = wrapper.xcdatamodel;
		};
/* End XCVersionGroup section */
	};
	rootObject = F7AFCEB3271D5B2500D56A71 /* Project object */;
}
